
Microsoft Visual Studio Solution File, Format Version 12.00
# Visual Studio 15
VisualStudioVersion = 15.0.28307.489
MinimumVisualStudioVersion = 10.0.40219.1
Project("{FAE04EC0-301F-11D3-BF4B-00C04F79EFBC}") = "WinCopies.Data", "WinCopies.Data\WinCopies.Data.csproj", "{4178EAA3-FF93-4234-BF86-5E88D5B063B7}"
EndProject
Project("{FAE04EC0-301F-11D3-BF4B-00C04F79EFBC}") = "WinCopies.GUI.Explorer", "WinCopies.GUI.Explorer\WinCopies.GUI.Explorer.csproj", "{0E581431-EE4E-4A47-8D7B-B18FF4F34E79}"
EndProject
Project("{FAE04EC0-301F-11D3-BF4B-00C04F79EFBC}") = "WinCopies.GUI.Controls", "WinCopies.GUI.Controls\WinCopies.GUI.Controls.csproj", "{8D43C369-3D12-4536-8249-5BBA3B69B417}"
EndProject
Project("{FAE04EC0-301F-11D3-BF4B-00C04F79EFBC}") = "WinCopies.GUI.Windows", "WinCopies.GUI.Windows\WinCopies.GUI.Windows.csproj", "{3C641513-6FC6-438E-916B-7F35262A3678}"
EndProject
Project("{FAE04EC0-301F-11D3-BF4B-00C04F79EFBC}") = "WinCopies.IO", "WinCopies.IO\WinCopies.IO.csproj", "{C7DE5838-3C6E-41B8-8FD1-9D0FBEB8E7AC}"
EndProject
Project("{FAE04EC0-301F-11D3-BF4B-00C04F79EFBC}") = "WinCopies.IO.FileProcesses", "WinCopies.IO.FilesProcesses\WinCopies.IO.FileProcesses.csproj", "{892E0A63-8519-4CE0-A3F8-2390A6F8D3E0}"
EndProject
Project("{FAE04EC0-301F-11D3-BF4B-00C04F79EFBC}") = "WinCopies.Util", "WinCopies.Util\WinCopies.Util.csproj", "{53801D23-7375-4E30-A5A7-27623E950554}"
EndProject
Project("{FAE04EC0-301F-11D3-BF4B-00C04F79EFBC}") = "PushBinding", "Third parties\PushBinding\PushBinding.csproj", "{7FE982D0-2F09-4308-A9D5-CA6CB974D496}"
EndProject
Project("{2150E333-8FDC-42A3-9474-1A3956D46DE8}") = "Third parties", "Third parties", "{386AAC01-715C-4683-B4F9-5BC96F26F49B}"
EndProject
Project("{FAE04EC0-301F-11D3-BF4B-00C04F79EFBC}") = "SevenZip", "Third parties\SevenZipSharp\SevenZip\SevenZip.csproj", "{4960DD14-3431-47EC-B9D9-9D2730A98DC3}"
EndProject
Project("{FAE04EC0-301F-11D3-BF4B-00C04F79EFBC}") = "Core", "..\..\..\Resources\git\aybe\Windows-API-Code-Pack-1.1-master\source\WindowsAPICodePack\Core\Core.csproj", "{2E1FB0DF-F9BB-4909-9F32-2D9D022A8E57}"
EndProject
Project("{2150E333-8FDC-42A3-9474-1A3956D46DE8}") = "WindowsAPICodePack", "WindowsAPICodePack", "{C7582D0A-014E-4C8E-BD4A-E542BDDCED31}"
EndProject
Project("{FAE04EC0-301F-11D3-BF4B-00C04F79EFBC}") = "Shell", "..\..\..\Resources\git\aybe\Windows-API-Code-Pack-1.1-master\source\WindowsAPICodePack\Shell\Shell.csproj", "{AA0C00CB-8699-4F37-BFAE-40CA87ACC06D}"
EndProject
Project("{FAE04EC0-301F-11D3-BF4B-00C04F79EFBC}") = "AttachedCommandBehavior", "..\..\..\Resources\other repositories\AttachedCommandBehavior v2.0\AttachedCommandBehavior\AttachedCommandBehavior.csproj", "{BA852758-6682-4878-906A-917A1E75DE16}"
EndProject
Project("{FAE04EC0-301F-11D3-BF4B-00C04F79EFBC}") = "WinCopies.GUI", "WinCopies.GUI\WinCopies.GUI.csproj", "{8917A829-3028-4118-A1A2-798E80CA73C8}"
EndProject
Global
	GlobalSection(SolutionConfigurationPlatforms) = preSolution
		CodeAnalysisDebug|Any CPU = CodeAnalysisDebug|Any CPU
		CodeAnalysisDebug|ARM = CodeAnalysisDebug|ARM
		CodeAnalysisDebug|ARM64 = CodeAnalysisDebug|ARM64
		CodeAnalysisDebug|x64 = CodeAnalysisDebug|x64
		CodeAnalysisDebug|x86 = CodeAnalysisDebug|x86
		Debug|Any CPU = Debug|Any CPU
		Debug|ARM = Debug|ARM
		Debug|ARM64 = Debug|ARM64
		Debug|x64 = Debug|x64
		Debug|x86 = Debug|x86
		Deploy|Any CPU = Deploy|Any CPU
		Deploy|ARM = Deploy|ARM
		Deploy|ARM64 = Deploy|ARM64
		Deploy|x64 = Deploy|x64
		Deploy|x86 = Deploy|x86
		Release|Any CPU = Release|Any CPU
		Release|ARM = Release|ARM
		Release|ARM64 = Release|ARM64
		Release|x64 = Release|x64
		Release|x86 = Release|x86
	EndGlobalSection
	GlobalSection(ProjectConfigurationPlatforms) = postSolution
		{4178EAA3-FF93-4234-BF86-5E88D5B063B7}.CodeAnalysisDebug|Any CPU.ActiveCfg = Debug|Any CPU
		{4178EAA3-FF93-4234-BF86-5E88D5B063B7}.CodeAnalysisDebug|Any CPU.Build.0 = Debug|Any CPU
		{4178EAA3-FF93-4234-BF86-5E88D5B063B7}.CodeAnalysisDebug|ARM.ActiveCfg = Debug|Any CPU
		{4178EAA3-FF93-4234-BF86-5E88D5B063B7}.CodeAnalysisDebug|ARM.Build.0 = Debug|Any CPU
		{4178EAA3-FF93-4234-BF86-5E88D5B063B7}.CodeAnalysisDebug|ARM64.ActiveCfg = Debug|Any CPU
		{4178EAA3-FF93-4234-BF86-5E88D5B063B7}.CodeAnalysisDebug|ARM64.Build.0 = Debug|Any CPU
		{4178EAA3-FF93-4234-BF86-5E88D5B063B7}.CodeAnalysisDebug|x64.ActiveCfg = Debug|Any CPU
		{4178EAA3-FF93-4234-BF86-5E88D5B063B7}.CodeAnalysisDebug|x64.Build.0 = Debug|Any CPU
		{4178EAA3-FF93-4234-BF86-5E88D5B063B7}.CodeAnalysisDebug|x86.ActiveCfg = Debug|Any CPU
		{4178EAA3-FF93-4234-BF86-5E88D5B063B7}.CodeAnalysisDebug|x86.Build.0 = Debug|Any CPU
		{4178EAA3-FF93-4234-BF86-5E88D5B063B7}.Debug|Any CPU.ActiveCfg = Debug|Any CPU
		{4178EAA3-FF93-4234-BF86-5E88D5B063B7}.Debug|Any CPU.Build.0 = Debug|Any CPU
		{4178EAA3-FF93-4234-BF86-5E88D5B063B7}.Debug|ARM.ActiveCfg = Debug|Any CPU
		{4178EAA3-FF93-4234-BF86-5E88D5B063B7}.Debug|ARM.Build.0 = Debug|Any CPU
		{4178EAA3-FF93-4234-BF86-5E88D5B063B7}.Debug|ARM64.ActiveCfg = Debug|Any CPU
		{4178EAA3-FF93-4234-BF86-5E88D5B063B7}.Debug|ARM64.Build.0 = Debug|Any CPU
		{4178EAA3-FF93-4234-BF86-5E88D5B063B7}.Debug|x64.ActiveCfg = Debug|Any CPU
		{4178EAA3-FF93-4234-BF86-5E88D5B063B7}.Debug|x64.Build.0 = Debug|Any CPU
		{4178EAA3-FF93-4234-BF86-5E88D5B063B7}.Debug|x86.ActiveCfg = Debug|Any CPU
		{4178EAA3-FF93-4234-BF86-5E88D5B063B7}.Debug|x86.Build.0 = Debug|Any CPU
		{4178EAA3-FF93-4234-BF86-5E88D5B063B7}.Deploy|Any CPU.ActiveCfg = Debug|Any CPU
		{4178EAA3-FF93-4234-BF86-5E88D5B063B7}.Deploy|Any CPU.Build.0 = Debug|Any CPU
		{4178EAA3-FF93-4234-BF86-5E88D5B063B7}.Deploy|ARM.ActiveCfg = Debug|Any CPU
		{4178EAA3-FF93-4234-BF86-5E88D5B063B7}.Deploy|ARM.Build.0 = Debug|Any CPU
		{4178EAA3-FF93-4234-BF86-5E88D5B063B7}.Deploy|ARM64.ActiveCfg = Debug|Any CPU
		{4178EAA3-FF93-4234-BF86-5E88D5B063B7}.Deploy|ARM64.Build.0 = Debug|Any CPU
		{4178EAA3-FF93-4234-BF86-5E88D5B063B7}.Deploy|x64.ActiveCfg = Debug|Any CPU
		{4178EAA3-FF93-4234-BF86-5E88D5B063B7}.Deploy|x64.Build.0 = Debug|Any CPU
		{4178EAA3-FF93-4234-BF86-5E88D5B063B7}.Deploy|x86.ActiveCfg = Debug|Any CPU
		{4178EAA3-FF93-4234-BF86-5E88D5B063B7}.Deploy|x86.Build.0 = Debug|Any CPU
		{4178EAA3-FF93-4234-BF86-5E88D5B063B7}.Release|Any CPU.ActiveCfg = Release|Any CPU
		{4178EAA3-FF93-4234-BF86-5E88D5B063B7}.Release|Any CPU.Build.0 = Release|Any CPU
		{4178EAA3-FF93-4234-BF86-5E88D5B063B7}.Release|ARM.ActiveCfg = Release|Any CPU
		{4178EAA3-FF93-4234-BF86-5E88D5B063B7}.Release|ARM.Build.0 = Release|Any CPU
		{4178EAA3-FF93-4234-BF86-5E88D5B063B7}.Release|ARM64.ActiveCfg = Release|Any CPU
		{4178EAA3-FF93-4234-BF86-5E88D5B063B7}.Release|ARM64.Build.0 = Release|Any CPU
		{4178EAA3-FF93-4234-BF86-5E88D5B063B7}.Release|x64.ActiveCfg = Release|Any CPU
		{4178EAA3-FF93-4234-BF86-5E88D5B063B7}.Release|x64.Build.0 = Release|Any CPU
		{4178EAA3-FF93-4234-BF86-5E88D5B063B7}.Release|x86.ActiveCfg = Release|Any CPU
		{4178EAA3-FF93-4234-BF86-5E88D5B063B7}.Release|x86.Build.0 = Release|Any CPU
		{0E581431-EE4E-4A47-8D7B-B18FF4F34E79}.CodeAnalysisDebug|Any CPU.ActiveCfg = Debug|Any CPU
		{0E581431-EE4E-4A47-8D7B-B18FF4F34E79}.CodeAnalysisDebug|Any CPU.Build.0 = Debug|Any CPU
		{0E581431-EE4E-4A47-8D7B-B18FF4F34E79}.CodeAnalysisDebug|ARM.ActiveCfg = Debug|Any CPU
		{0E581431-EE4E-4A47-8D7B-B18FF4F34E79}.CodeAnalysisDebug|ARM.Build.0 = Debug|Any CPU
		{0E581431-EE4E-4A47-8D7B-B18FF4F34E79}.CodeAnalysisDebug|ARM64.ActiveCfg = Debug|Any CPU
		{0E581431-EE4E-4A47-8D7B-B18FF4F34E79}.CodeAnalysisDebug|ARM64.Build.0 = Debug|Any CPU
		{0E581431-EE4E-4A47-8D7B-B18FF4F34E79}.CodeAnalysisDebug|x64.ActiveCfg = Debug|x64
		{0E581431-EE4E-4A47-8D7B-B18FF4F34E79}.CodeAnalysisDebug|x64.Build.0 = Debug|x64
		{0E581431-EE4E-4A47-8D7B-B18FF4F34E79}.CodeAnalysisDebug|x86.ActiveCfg = Debug|Any CPU
		{0E581431-EE4E-4A47-8D7B-B18FF4F34E79}.CodeAnalysisDebug|x86.Build.0 = Debug|Any CPU
		{0E581431-EE4E-4A47-8D7B-B18FF4F34E79}.Debug|Any CPU.ActiveCfg = Debug|Any CPU
		{0E581431-EE4E-4A47-8D7B-B18FF4F34E79}.Debug|Any CPU.Build.0 = Debug|Any CPU
		{0E581431-EE4E-4A47-8D7B-B18FF4F34E79}.Debug|ARM.ActiveCfg = Debug|Any CPU
		{0E581431-EE4E-4A47-8D7B-B18FF4F34E79}.Debug|ARM.Build.0 = Debug|Any CPU
		{0E581431-EE4E-4A47-8D7B-B18FF4F34E79}.Debug|ARM64.ActiveCfg = Debug|Any CPU
		{0E581431-EE4E-4A47-8D7B-B18FF4F34E79}.Debug|ARM64.Build.0 = Debug|Any CPU
		{0E581431-EE4E-4A47-8D7B-B18FF4F34E79}.Debug|x64.ActiveCfg = Debug|x64
		{0E581431-EE4E-4A47-8D7B-B18FF4F34E79}.Debug|x64.Build.0 = Debug|x64
		{0E581431-EE4E-4A47-8D7B-B18FF4F34E79}.Debug|x86.ActiveCfg = Debug|Any CPU
		{0E581431-EE4E-4A47-8D7B-B18FF4F34E79}.Debug|x86.Build.0 = Debug|Any CPU
		{0E581431-EE4E-4A47-8D7B-B18FF4F34E79}.Deploy|Any CPU.ActiveCfg = Debug|Any CPU
		{0E581431-EE4E-4A47-8D7B-B18FF4F34E79}.Deploy|Any CPU.Build.0 = Debug|Any CPU
		{0E581431-EE4E-4A47-8D7B-B18FF4F34E79}.Deploy|ARM.ActiveCfg = Debug|Any CPU
		{0E581431-EE4E-4A47-8D7B-B18FF4F34E79}.Deploy|ARM.Build.0 = Debug|Any CPU
		{0E581431-EE4E-4A47-8D7B-B18FF4F34E79}.Deploy|ARM64.ActiveCfg = Debug|Any CPU
		{0E581431-EE4E-4A47-8D7B-B18FF4F34E79}.Deploy|ARM64.Build.0 = Debug|Any CPU
		{0E581431-EE4E-4A47-8D7B-B18FF4F34E79}.Deploy|x64.ActiveCfg = Debug|x64
		{0E581431-EE4E-4A47-8D7B-B18FF4F34E79}.Deploy|x64.Build.0 = Debug|x64
		{0E581431-EE4E-4A47-8D7B-B18FF4F34E79}.Deploy|x86.ActiveCfg = Debug|Any CPU
		{0E581431-EE4E-4A47-8D7B-B18FF4F34E79}.Deploy|x86.Build.0 = Debug|Any CPU
		{0E581431-EE4E-4A47-8D7B-B18FF4F34E79}.Release|Any CPU.ActiveCfg = Release|Any CPU
		{0E581431-EE4E-4A47-8D7B-B18FF4F34E79}.Release|Any CPU.Build.0 = Release|Any CPU
		{0E581431-EE4E-4A47-8D7B-B18FF4F34E79}.Release|ARM.ActiveCfg = Release|Any CPU
		{0E581431-EE4E-4A47-8D7B-B18FF4F34E79}.Release|ARM.Build.0 = Release|Any CPU
		{0E581431-EE4E-4A47-8D7B-B18FF4F34E79}.Release|ARM64.ActiveCfg = Release|Any CPU
		{0E581431-EE4E-4A47-8D7B-B18FF4F34E79}.Release|ARM64.Build.0 = Release|Any CPU
		{0E581431-EE4E-4A47-8D7B-B18FF4F34E79}.Release|x64.ActiveCfg = Release|x64
		{0E581431-EE4E-4A47-8D7B-B18FF4F34E79}.Release|x64.Build.0 = Release|x64
		{0E581431-EE4E-4A47-8D7B-B18FF4F34E79}.Release|x86.ActiveCfg = Release|Any CPU
		{0E581431-EE4E-4A47-8D7B-B18FF4F34E79}.Release|x86.Build.0 = Release|Any CPU
		{8D43C369-3D12-4536-8249-5BBA3B69B417}.CodeAnalysisDebug|Any CPU.ActiveCfg = Debug|Any CPU
		{8D43C369-3D12-4536-8249-5BBA3B69B417}.CodeAnalysisDebug|Any CPU.Build.0 = Debug|Any CPU
		{8D43C369-3D12-4536-8249-5BBA3B69B417}.CodeAnalysisDebug|ARM.ActiveCfg = Debug|Any CPU
		{8D43C369-3D12-4536-8249-5BBA3B69B417}.CodeAnalysisDebug|ARM.Build.0 = Debug|Any CPU
		{8D43C369-3D12-4536-8249-5BBA3B69B417}.CodeAnalysisDebug|ARM64.ActiveCfg = Debug|Any CPU
		{8D43C369-3D12-4536-8249-5BBA3B69B417}.CodeAnalysisDebug|ARM64.Build.0 = Debug|Any CPU
		{8D43C369-3D12-4536-8249-5BBA3B69B417}.CodeAnalysisDebug|x64.ActiveCfg = Debug|x64
		{8D43C369-3D12-4536-8249-5BBA3B69B417}.CodeAnalysisDebug|x64.Build.0 = Debug|x64
		{8D43C369-3D12-4536-8249-5BBA3B69B417}.CodeAnalysisDebug|x86.ActiveCfg = Debug|Any CPU
		{8D43C369-3D12-4536-8249-5BBA3B69B417}.CodeAnalysisDebug|x86.Build.0 = Debug|Any CPU
		{8D43C369-3D12-4536-8249-5BBA3B69B417}.Debug|Any CPU.ActiveCfg = Debug|Any CPU
		{8D43C369-3D12-4536-8249-5BBA3B69B417}.Debug|Any CPU.Build.0 = Debug|Any CPU
		{8D43C369-3D12-4536-8249-5BBA3B69B417}.Debug|ARM.ActiveCfg = Debug|Any CPU
		{8D43C369-3D12-4536-8249-5BBA3B69B417}.Debug|ARM.Build.0 = Debug|Any CPU
		{8D43C369-3D12-4536-8249-5BBA3B69B417}.Debug|ARM64.ActiveCfg = Debug|Any CPU
		{8D43C369-3D12-4536-8249-5BBA3B69B417}.Debug|ARM64.Build.0 = Debug|Any CPU
		{8D43C369-3D12-4536-8249-5BBA3B69B417}.Debug|x64.ActiveCfg = Debug|x64
		{8D43C369-3D12-4536-8249-5BBA3B69B417}.Debug|x64.Build.0 = Debug|x64
		{8D43C369-3D12-4536-8249-5BBA3B69B417}.Debug|x86.ActiveCfg = Debug|Any CPU
		{8D43C369-3D12-4536-8249-5BBA3B69B417}.Debug|x86.Build.0 = Debug|Any CPU
		{8D43C369-3D12-4536-8249-5BBA3B69B417}.Deploy|Any CPU.ActiveCfg = Debug|Any CPU
		{8D43C369-3D12-4536-8249-5BBA3B69B417}.Deploy|Any CPU.Build.0 = Debug|Any CPU
		{8D43C369-3D12-4536-8249-5BBA3B69B417}.Deploy|ARM.ActiveCfg = Debug|Any CPU
		{8D43C369-3D12-4536-8249-5BBA3B69B417}.Deploy|ARM.Build.0 = Debug|Any CPU
		{8D43C369-3D12-4536-8249-5BBA3B69B417}.Deploy|ARM64.ActiveCfg = Debug|Any CPU
		{8D43C369-3D12-4536-8249-5BBA3B69B417}.Deploy|ARM64.Build.0 = Debug|Any CPU
		{8D43C369-3D12-4536-8249-5BBA3B69B417}.Deploy|x64.ActiveCfg = Debug|x64
		{8D43C369-3D12-4536-8249-5BBA3B69B417}.Deploy|x64.Build.0 = Debug|x64
		{8D43C369-3D12-4536-8249-5BBA3B69B417}.Deploy|x86.ActiveCfg = Debug|Any CPU
		{8D43C369-3D12-4536-8249-5BBA3B69B417}.Deploy|x86.Build.0 = Debug|Any CPU
		{8D43C369-3D12-4536-8249-5BBA3B69B417}.Release|Any CPU.ActiveCfg = Release|Any CPU
		{8D43C369-3D12-4536-8249-5BBA3B69B417}.Release|Any CPU.Build.0 = Release|Any CPU
		{8D43C369-3D12-4536-8249-5BBA3B69B417}.Release|ARM.ActiveCfg = Release|Any CPU
		{8D43C369-3D12-4536-8249-5BBA3B69B417}.Release|ARM.Build.0 = Release|Any CPU
		{8D43C369-3D12-4536-8249-5BBA3B69B417}.Release|ARM64.ActiveCfg = Release|Any CPU
		{8D43C369-3D12-4536-8249-5BBA3B69B417}.Release|ARM64.Build.0 = Release|Any CPU
		{8D43C369-3D12-4536-8249-5BBA3B69B417}.Release|x64.ActiveCfg = Release|x64
		{8D43C369-3D12-4536-8249-5BBA3B69B417}.Release|x64.Build.0 = Release|x64
		{8D43C369-3D12-4536-8249-5BBA3B69B417}.Release|x86.ActiveCfg = Release|Any CPU
		{8D43C369-3D12-4536-8249-5BBA3B69B417}.Release|x86.Build.0 = Release|Any CPU
		{3C641513-6FC6-438E-916B-7F35262A3678}.CodeAnalysisDebug|Any CPU.ActiveCfg = Debug|Any CPU
		{3C641513-6FC6-438E-916B-7F35262A3678}.CodeAnalysisDebug|Any CPU.Build.0 = Debug|Any CPU
		{3C641513-6FC6-438E-916B-7F35262A3678}.CodeAnalysisDebug|ARM.ActiveCfg = Debug|Any CPU
		{3C641513-6FC6-438E-916B-7F35262A3678}.CodeAnalysisDebug|ARM.Build.0 = Debug|Any CPU
		{3C641513-6FC6-438E-916B-7F35262A3678}.CodeAnalysisDebug|ARM64.ActiveCfg = Debug|Any CPU
		{3C641513-6FC6-438E-916B-7F35262A3678}.CodeAnalysisDebug|ARM64.Build.0 = Debug|Any CPU
		{3C641513-6FC6-438E-916B-7F35262A3678}.CodeAnalysisDebug|x64.ActiveCfg = Debug|x64
		{3C641513-6FC6-438E-916B-7F35262A3678}.CodeAnalysisDebug|x64.Build.0 = Debug|x64
		{3C641513-6FC6-438E-916B-7F35262A3678}.CodeAnalysisDebug|x86.ActiveCfg = Debug|Any CPU
		{3C641513-6FC6-438E-916B-7F35262A3678}.CodeAnalysisDebug|x86.Build.0 = Debug|Any CPU
		{3C641513-6FC6-438E-916B-7F35262A3678}.Debug|Any CPU.ActiveCfg = Debug|Any CPU
		{3C641513-6FC6-438E-916B-7F35262A3678}.Debug|Any CPU.Build.0 = Debug|Any CPU
		{3C641513-6FC6-438E-916B-7F35262A3678}.Debug|ARM.ActiveCfg = Debug|Any CPU
		{3C641513-6FC6-438E-916B-7F35262A3678}.Debug|ARM.Build.0 = Debug|Any CPU
		{3C641513-6FC6-438E-916B-7F35262A3678}.Debug|ARM64.ActiveCfg = Debug|Any CPU
		{3C641513-6FC6-438E-916B-7F35262A3678}.Debug|ARM64.Build.0 = Debug|Any CPU
		{3C641513-6FC6-438E-916B-7F35262A3678}.Debug|x64.ActiveCfg = Debug|x64
		{3C641513-6FC6-438E-916B-7F35262A3678}.Debug|x64.Build.0 = Debug|x64
		{3C641513-6FC6-438E-916B-7F35262A3678}.Debug|x86.ActiveCfg = Debug|Any CPU
		{3C641513-6FC6-438E-916B-7F35262A3678}.Debug|x86.Build.0 = Debug|Any CPU
		{3C641513-6FC6-438E-916B-7F35262A3678}.Deploy|Any CPU.ActiveCfg = Debug|Any CPU
		{3C641513-6FC6-438E-916B-7F35262A3678}.Deploy|Any CPU.Build.0 = Debug|Any CPU
		{3C641513-6FC6-438E-916B-7F35262A3678}.Deploy|ARM.ActiveCfg = Debug|Any CPU
		{3C641513-6FC6-438E-916B-7F35262A3678}.Deploy|ARM.Build.0 = Debug|Any CPU
		{3C641513-6FC6-438E-916B-7F35262A3678}.Deploy|ARM64.ActiveCfg = Debug|Any CPU
		{3C641513-6FC6-438E-916B-7F35262A3678}.Deploy|ARM64.Build.0 = Debug|Any CPU
		{3C641513-6FC6-438E-916B-7F35262A3678}.Deploy|x64.ActiveCfg = Debug|x64
		{3C641513-6FC6-438E-916B-7F35262A3678}.Deploy|x64.Build.0 = Debug|x64
		{3C641513-6FC6-438E-916B-7F35262A3678}.Deploy|x86.ActiveCfg = Debug|Any CPU
		{3C641513-6FC6-438E-916B-7F35262A3678}.Deploy|x86.Build.0 = Debug|Any CPU
		{3C641513-6FC6-438E-916B-7F35262A3678}.Release|Any CPU.ActiveCfg = Release|Any CPU
		{3C641513-6FC6-438E-916B-7F35262A3678}.Release|Any CPU.Build.0 = Release|Any CPU
		{3C641513-6FC6-438E-916B-7F35262A3678}.Release|ARM.ActiveCfg = Release|Any CPU
		{3C641513-6FC6-438E-916B-7F35262A3678}.Release|ARM.Build.0 = Release|Any CPU
		{3C641513-6FC6-438E-916B-7F35262A3678}.Release|ARM64.ActiveCfg = Release|Any CPU
		{3C641513-6FC6-438E-916B-7F35262A3678}.Release|ARM64.Build.0 = Release|Any CPU
		{3C641513-6FC6-438E-916B-7F35262A3678}.Release|x64.ActiveCfg = Release|x64
		{3C641513-6FC6-438E-916B-7F35262A3678}.Release|x64.Build.0 = Release|x64
		{3C641513-6FC6-438E-916B-7F35262A3678}.Release|x86.ActiveCfg = Release|Any CPU
		{3C641513-6FC6-438E-916B-7F35262A3678}.Release|x86.Build.0 = Release|Any CPU
		{C7DE5838-3C6E-41B8-8FD1-9D0FBEB8E7AC}.CodeAnalysisDebug|Any CPU.ActiveCfg = Debug|Any CPU
		{C7DE5838-3C6E-41B8-8FD1-9D0FBEB8E7AC}.CodeAnalysisDebug|Any CPU.Build.0 = Debug|Any CPU
		{C7DE5838-3C6E-41B8-8FD1-9D0FBEB8E7AC}.CodeAnalysisDebug|ARM.ActiveCfg = Debug|Any CPU
		{C7DE5838-3C6E-41B8-8FD1-9D0FBEB8E7AC}.CodeAnalysisDebug|ARM.Build.0 = Debug|Any CPU
		{C7DE5838-3C6E-41B8-8FD1-9D0FBEB8E7AC}.CodeAnalysisDebug|ARM64.ActiveCfg = Debug|Any CPU
		{C7DE5838-3C6E-41B8-8FD1-9D0FBEB8E7AC}.CodeAnalysisDebug|ARM64.Build.0 = Debug|Any CPU
		{C7DE5838-3C6E-41B8-8FD1-9D0FBEB8E7AC}.CodeAnalysisDebug|x64.ActiveCfg = Debug|x64
		{C7DE5838-3C6E-41B8-8FD1-9D0FBEB8E7AC}.CodeAnalysisDebug|x64.Build.0 = Debug|x64
		{C7DE5838-3C6E-41B8-8FD1-9D0FBEB8E7AC}.CodeAnalysisDebug|x86.ActiveCfg = Debug|Any CPU
		{C7DE5838-3C6E-41B8-8FD1-9D0FBEB8E7AC}.CodeAnalysisDebug|x86.Build.0 = Debug|Any CPU
		{C7DE5838-3C6E-41B8-8FD1-9D0FBEB8E7AC}.Debug|Any CPU.ActiveCfg = Debug|Any CPU
		{C7DE5838-3C6E-41B8-8FD1-9D0FBEB8E7AC}.Debug|Any CPU.Build.0 = Debug|Any CPU
		{C7DE5838-3C6E-41B8-8FD1-9D0FBEB8E7AC}.Debug|ARM.ActiveCfg = Debug|Any CPU
		{C7DE5838-3C6E-41B8-8FD1-9D0FBEB8E7AC}.Debug|ARM.Build.0 = Debug|Any CPU
		{C7DE5838-3C6E-41B8-8FD1-9D0FBEB8E7AC}.Debug|ARM64.ActiveCfg = Debug|Any CPU
		{C7DE5838-3C6E-41B8-8FD1-9D0FBEB8E7AC}.Debug|ARM64.Build.0 = Debug|Any CPU
		{C7DE5838-3C6E-41B8-8FD1-9D0FBEB8E7AC}.Debug|x64.ActiveCfg = Debug|x64
		{C7DE5838-3C6E-41B8-8FD1-9D0FBEB8E7AC}.Debug|x64.Build.0 = Debug|x64
		{C7DE5838-3C6E-41B8-8FD1-9D0FBEB8E7AC}.Debug|x86.ActiveCfg = Debug|Any CPU
		{C7DE5838-3C6E-41B8-8FD1-9D0FBEB8E7AC}.Debug|x86.Build.0 = Debug|Any CPU
		{C7DE5838-3C6E-41B8-8FD1-9D0FBEB8E7AC}.Deploy|Any CPU.ActiveCfg = Debug|Any CPU
		{C7DE5838-3C6E-41B8-8FD1-9D0FBEB8E7AC}.Deploy|Any CPU.Build.0 = Debug|Any CPU
		{C7DE5838-3C6E-41B8-8FD1-9D0FBEB8E7AC}.Deploy|ARM.ActiveCfg = Debug|Any CPU
		{C7DE5838-3C6E-41B8-8FD1-9D0FBEB8E7AC}.Deploy|ARM.Build.0 = Debug|Any CPU
		{C7DE5838-3C6E-41B8-8FD1-9D0FBEB8E7AC}.Deploy|ARM64.ActiveCfg = Debug|Any CPU
		{C7DE5838-3C6E-41B8-8FD1-9D0FBEB8E7AC}.Deploy|ARM64.Build.0 = Debug|Any CPU
		{C7DE5838-3C6E-41B8-8FD1-9D0FBEB8E7AC}.Deploy|x64.ActiveCfg = Debug|x64
		{C7DE5838-3C6E-41B8-8FD1-9D0FBEB8E7AC}.Deploy|x64.Build.0 = Debug|x64
		{C7DE5838-3C6E-41B8-8FD1-9D0FBEB8E7AC}.Deploy|x86.ActiveCfg = Debug|Any CPU
		{C7DE5838-3C6E-41B8-8FD1-9D0FBEB8E7AC}.Deploy|x86.Build.0 = Debug|Any CPU
		{C7DE5838-3C6E-41B8-8FD1-9D0FBEB8E7AC}.Release|Any CPU.ActiveCfg = Release|Any CPU
		{C7DE5838-3C6E-41B8-8FD1-9D0FBEB8E7AC}.Release|Any CPU.Build.0 = Release|Any CPU
		{C7DE5838-3C6E-41B8-8FD1-9D0FBEB8E7AC}.Release|ARM.ActiveCfg = Release|Any CPU
		{C7DE5838-3C6E-41B8-8FD1-9D0FBEB8E7AC}.Release|ARM.Build.0 = Release|Any CPU
		{C7DE5838-3C6E-41B8-8FD1-9D0FBEB8E7AC}.Release|ARM64.ActiveCfg = Release|Any CPU
		{C7DE5838-3C6E-41B8-8FD1-9D0FBEB8E7AC}.Release|ARM64.Build.0 = Release|Any CPU
		{C7DE5838-3C6E-41B8-8FD1-9D0FBEB8E7AC}.Release|x64.ActiveCfg = Release|x64
		{C7DE5838-3C6E-41B8-8FD1-9D0FBEB8E7AC}.Release|x64.Build.0 = Release|x64
		{C7DE5838-3C6E-41B8-8FD1-9D0FBEB8E7AC}.Release|x86.ActiveCfg = Release|Any CPU
		{C7DE5838-3C6E-41B8-8FD1-9D0FBEB8E7AC}.Release|x86.Build.0 = Release|Any CPU
		{892E0A63-8519-4CE0-A3F8-2390A6F8D3E0}.CodeAnalysisDebug|Any CPU.ActiveCfg = Debug|Any CPU
		{892E0A63-8519-4CE0-A3F8-2390A6F8D3E0}.CodeAnalysisDebug|Any CPU.Build.0 = Debug|Any CPU
		{892E0A63-8519-4CE0-A3F8-2390A6F8D3E0}.CodeAnalysisDebug|ARM.ActiveCfg = Debug|Any CPU
		{892E0A63-8519-4CE0-A3F8-2390A6F8D3E0}.CodeAnalysisDebug|ARM.Build.0 = Debug|Any CPU
		{892E0A63-8519-4CE0-A3F8-2390A6F8D3E0}.CodeAnalysisDebug|ARM64.ActiveCfg = Debug|Any CPU
		{892E0A63-8519-4CE0-A3F8-2390A6F8D3E0}.CodeAnalysisDebug|ARM64.Build.0 = Debug|Any CPU
		{892E0A63-8519-4CE0-A3F8-2390A6F8D3E0}.CodeAnalysisDebug|x64.ActiveCfg = Debug|x64
		{892E0A63-8519-4CE0-A3F8-2390A6F8D3E0}.CodeAnalysisDebug|x64.Build.0 = Debug|x64
		{892E0A63-8519-4CE0-A3F8-2390A6F8D3E0}.CodeAnalysisDebug|x86.ActiveCfg = Debug|Any CPU
		{892E0A63-8519-4CE0-A3F8-2390A6F8D3E0}.CodeAnalysisDebug|x86.Build.0 = Debug|Any CPU
		{892E0A63-8519-4CE0-A3F8-2390A6F8D3E0}.Debug|Any CPU.ActiveCfg = Debug|Any CPU
		{892E0A63-8519-4CE0-A3F8-2390A6F8D3E0}.Debug|Any CPU.Build.0 = Debug|Any CPU
		{892E0A63-8519-4CE0-A3F8-2390A6F8D3E0}.Debug|ARM.ActiveCfg = Debug|Any CPU
		{892E0A63-8519-4CE0-A3F8-2390A6F8D3E0}.Debug|ARM.Build.0 = Debug|Any CPU
		{892E0A63-8519-4CE0-A3F8-2390A6F8D3E0}.Debug|ARM64.ActiveCfg = Debug|Any CPU
		{892E0A63-8519-4CE0-A3F8-2390A6F8D3E0}.Debug|ARM64.Build.0 = Debug|Any CPU
		{892E0A63-8519-4CE0-A3F8-2390A6F8D3E0}.Debug|x64.ActiveCfg = Debug|x64
		{892E0A63-8519-4CE0-A3F8-2390A6F8D3E0}.Debug|x64.Build.0 = Debug|x64
		{892E0A63-8519-4CE0-A3F8-2390A6F8D3E0}.Debug|x86.ActiveCfg = Debug|Any CPU
		{892E0A63-8519-4CE0-A3F8-2390A6F8D3E0}.Debug|x86.Build.0 = Debug|Any CPU
		{892E0A63-8519-4CE0-A3F8-2390A6F8D3E0}.Deploy|Any CPU.ActiveCfg = Debug|Any CPU
		{892E0A63-8519-4CE0-A3F8-2390A6F8D3E0}.Deploy|Any CPU.Build.0 = Debug|Any CPU
		{892E0A63-8519-4CE0-A3F8-2390A6F8D3E0}.Deploy|ARM.ActiveCfg = Debug|Any CPU
		{892E0A63-8519-4CE0-A3F8-2390A6F8D3E0}.Deploy|ARM.Build.0 = Debug|Any CPU
		{892E0A63-8519-4CE0-A3F8-2390A6F8D3E0}.Deploy|ARM64.ActiveCfg = Debug|Any CPU
		{892E0A63-8519-4CE0-A3F8-2390A6F8D3E0}.Deploy|ARM64.Build.0 = Debug|Any CPU
		{892E0A63-8519-4CE0-A3F8-2390A6F8D3E0}.Deploy|x64.ActiveCfg = Debug|x64
		{892E0A63-8519-4CE0-A3F8-2390A6F8D3E0}.Deploy|x64.Build.0 = Debug|x64
		{892E0A63-8519-4CE0-A3F8-2390A6F8D3E0}.Deploy|x86.ActiveCfg = Debug|Any CPU
		{892E0A63-8519-4CE0-A3F8-2390A6F8D3E0}.Deploy|x86.Build.0 = Debug|Any CPU
		{892E0A63-8519-4CE0-A3F8-2390A6F8D3E0}.Release|Any CPU.ActiveCfg = Release|Any CPU
		{892E0A63-8519-4CE0-A3F8-2390A6F8D3E0}.Release|Any CPU.Build.0 = Release|Any CPU
		{892E0A63-8519-4CE0-A3F8-2390A6F8D3E0}.Release|ARM.ActiveCfg = Release|Any CPU
		{892E0A63-8519-4CE0-A3F8-2390A6F8D3E0}.Release|ARM.Build.0 = Release|Any CPU
		{892E0A63-8519-4CE0-A3F8-2390A6F8D3E0}.Release|ARM64.ActiveCfg = Release|Any CPU
		{892E0A63-8519-4CE0-A3F8-2390A6F8D3E0}.Release|ARM64.Build.0 = Release|Any CPU
		{892E0A63-8519-4CE0-A3F8-2390A6F8D3E0}.Release|x64.ActiveCfg = Release|x64
		{892E0A63-8519-4CE0-A3F8-2390A6F8D3E0}.Release|x64.Build.0 = Release|x64
		{892E0A63-8519-4CE0-A3F8-2390A6F8D3E0}.Release|x86.ActiveCfg = Release|Any CPU
		{892E0A63-8519-4CE0-A3F8-2390A6F8D3E0}.Release|x86.Build.0 = Release|Any CPU
		{53801D23-7375-4E30-A5A7-27623E950554}.CodeAnalysisDebug|Any CPU.ActiveCfg = Debug|Any CPU
		{53801D23-7375-4E30-A5A7-27623E950554}.CodeAnalysisDebug|Any CPU.Build.0 = Debug|Any CPU
		{53801D23-7375-4E30-A5A7-27623E950554}.CodeAnalysisDebug|ARM.ActiveCfg = Debug|Any CPU
		{53801D23-7375-4E30-A5A7-27623E950554}.CodeAnalysisDebug|ARM.Build.0 = Debug|Any CPU
		{53801D23-7375-4E30-A5A7-27623E950554}.CodeAnalysisDebug|ARM64.ActiveCfg = Debug|Any CPU
		{53801D23-7375-4E30-A5A7-27623E950554}.CodeAnalysisDebug|ARM64.Build.0 = Debug|Any CPU
		{53801D23-7375-4E30-A5A7-27623E950554}.CodeAnalysisDebug|x64.ActiveCfg = Debug|x64
		{53801D23-7375-4E30-A5A7-27623E950554}.CodeAnalysisDebug|x64.Build.0 = Debug|x64
		{53801D23-7375-4E30-A5A7-27623E950554}.CodeAnalysisDebug|x86.ActiveCfg = Debug|Any CPU
		{53801D23-7375-4E30-A5A7-27623E950554}.CodeAnalysisDebug|x86.Build.0 = Debug|Any CPU
		{53801D23-7375-4E30-A5A7-27623E950554}.Debug|Any CPU.ActiveCfg = Debug|Any CPU
		{53801D23-7375-4E30-A5A7-27623E950554}.Debug|Any CPU.Build.0 = Debug|Any CPU
		{53801D23-7375-4E30-A5A7-27623E950554}.Debug|ARM.ActiveCfg = Debug|Any CPU
		{53801D23-7375-4E30-A5A7-27623E950554}.Debug|ARM.Build.0 = Debug|Any CPU
		{53801D23-7375-4E30-A5A7-27623E950554}.Debug|ARM64.ActiveCfg = Debug|Any CPU
		{53801D23-7375-4E30-A5A7-27623E950554}.Debug|ARM64.Build.0 = Debug|Any CPU
		{53801D23-7375-4E30-A5A7-27623E950554}.Debug|x64.ActiveCfg = Debug|x64
		{53801D23-7375-4E30-A5A7-27623E950554}.Debug|x64.Build.0 = Debug|x64
		{53801D23-7375-4E30-A5A7-27623E950554}.Debug|x86.ActiveCfg = Debug|Any CPU
		{53801D23-7375-4E30-A5A7-27623E950554}.Debug|x86.Build.0 = Debug|Any CPU
		{53801D23-7375-4E30-A5A7-27623E950554}.Deploy|Any CPU.ActiveCfg = Debug|Any CPU
		{53801D23-7375-4E30-A5A7-27623E950554}.Deploy|Any CPU.Build.0 = Debug|Any CPU
		{53801D23-7375-4E30-A5A7-27623E950554}.Deploy|ARM.ActiveCfg = Debug|Any CPU
		{53801D23-7375-4E30-A5A7-27623E950554}.Deploy|ARM.Build.0 = Debug|Any CPU
		{53801D23-7375-4E30-A5A7-27623E950554}.Deploy|ARM64.ActiveCfg = Debug|Any CPU
		{53801D23-7375-4E30-A5A7-27623E950554}.Deploy|ARM64.Build.0 = Debug|Any CPU
		{53801D23-7375-4E30-A5A7-27623E950554}.Deploy|x64.ActiveCfg = Debug|x64
		{53801D23-7375-4E30-A5A7-27623E950554}.Deploy|x64.Build.0 = Debug|x64
		{53801D23-7375-4E30-A5A7-27623E950554}.Deploy|x86.ActiveCfg = Debug|Any CPU
		{53801D23-7375-4E30-A5A7-27623E950554}.Deploy|x86.Build.0 = Debug|Any CPU
		{53801D23-7375-4E30-A5A7-27623E950554}.Release|Any CPU.ActiveCfg = Release|Any CPU
		{53801D23-7375-4E30-A5A7-27623E950554}.Release|Any CPU.Build.0 = Release|Any CPU
		{53801D23-7375-4E30-A5A7-27623E950554}.Release|ARM.ActiveCfg = Release|Any CPU
		{53801D23-7375-4E30-A5A7-27623E950554}.Release|ARM.Build.0 = Release|Any CPU
		{53801D23-7375-4E30-A5A7-27623E950554}.Release|ARM64.ActiveCfg = Release|Any CPU
		{53801D23-7375-4E30-A5A7-27623E950554}.Release|ARM64.Build.0 = Release|Any CPU
		{53801D23-7375-4E30-A5A7-27623E950554}.Release|x64.ActiveCfg = Release|x64
		{53801D23-7375-4E30-A5A7-27623E950554}.Release|x64.Build.0 = Release|x64
		{53801D23-7375-4E30-A5A7-27623E950554}.Release|x86.ActiveCfg = Release|Any CPU
		{53801D23-7375-4E30-A5A7-27623E950554}.Release|x86.Build.0 = Release|Any CPU
		{7FE982D0-2F09-4308-A9D5-CA6CB974D496}.CodeAnalysisDebug|Any CPU.ActiveCfg = Debug|Any CPU
		{7FE982D0-2F09-4308-A9D5-CA6CB974D496}.CodeAnalysisDebug|Any CPU.Build.0 = Debug|Any CPU
		{7FE982D0-2F09-4308-A9D5-CA6CB974D496}.CodeAnalysisDebug|ARM.ActiveCfg = Debug|Any CPU
		{7FE982D0-2F09-4308-A9D5-CA6CB974D496}.CodeAnalysisDebug|ARM.Build.0 = Debug|Any CPU
		{7FE982D0-2F09-4308-A9D5-CA6CB974D496}.CodeAnalysisDebug|ARM64.ActiveCfg = Debug|Any CPU
		{7FE982D0-2F09-4308-A9D5-CA6CB974D496}.CodeAnalysisDebug|ARM64.Build.0 = Debug|Any CPU
		{7FE982D0-2F09-4308-A9D5-CA6CB974D496}.CodeAnalysisDebug|x64.ActiveCfg = Debug|x64
		{7FE982D0-2F09-4308-A9D5-CA6CB974D496}.CodeAnalysisDebug|x64.Build.0 = Debug|x64
		{7FE982D0-2F09-4308-A9D5-CA6CB974D496}.CodeAnalysisDebug|x86.ActiveCfg = Debug|Any CPU
		{7FE982D0-2F09-4308-A9D5-CA6CB974D496}.CodeAnalysisDebug|x86.Build.0 = Debug|Any CPU
		{7FE982D0-2F09-4308-A9D5-CA6CB974D496}.Debug|Any CPU.ActiveCfg = Debug|Any CPU
		{7FE982D0-2F09-4308-A9D5-CA6CB974D496}.Debug|Any CPU.Build.0 = Debug|Any CPU
		{7FE982D0-2F09-4308-A9D5-CA6CB974D496}.Debug|ARM.ActiveCfg = Debug|Any CPU
		{7FE982D0-2F09-4308-A9D5-CA6CB974D496}.Debug|ARM.Build.0 = Debug|Any CPU
		{7FE982D0-2F09-4308-A9D5-CA6CB974D496}.Debug|ARM64.ActiveCfg = Debug|Any CPU
		{7FE982D0-2F09-4308-A9D5-CA6CB974D496}.Debug|ARM64.Build.0 = Debug|Any CPU
		{7FE982D0-2F09-4308-A9D5-CA6CB974D496}.Debug|x64.ActiveCfg = Debug|x64
		{7FE982D0-2F09-4308-A9D5-CA6CB974D496}.Debug|x64.Build.0 = Debug|x64
		{7FE982D0-2F09-4308-A9D5-CA6CB974D496}.Debug|x86.ActiveCfg = Debug|Any CPU
		{7FE982D0-2F09-4308-A9D5-CA6CB974D496}.Debug|x86.Build.0 = Debug|Any CPU
		{7FE982D0-2F09-4308-A9D5-CA6CB974D496}.Deploy|Any CPU.ActiveCfg = Debug|Any CPU
		{7FE982D0-2F09-4308-A9D5-CA6CB974D496}.Deploy|Any CPU.Build.0 = Debug|Any CPU
		{7FE982D0-2F09-4308-A9D5-CA6CB974D496}.Deploy|ARM.ActiveCfg = Debug|Any CPU
		{7FE982D0-2F09-4308-A9D5-CA6CB974D496}.Deploy|ARM.Build.0 = Debug|Any CPU
		{7FE982D0-2F09-4308-A9D5-CA6CB974D496}.Deploy|ARM64.ActiveCfg = Debug|Any CPU
		{7FE982D0-2F09-4308-A9D5-CA6CB974D496}.Deploy|ARM64.Build.0 = Debug|Any CPU
		{7FE982D0-2F09-4308-A9D5-CA6CB974D496}.Deploy|x64.ActiveCfg = Debug|x64
		{7FE982D0-2F09-4308-A9D5-CA6CB974D496}.Deploy|x64.Build.0 = Debug|x64
		{7FE982D0-2F09-4308-A9D5-CA6CB974D496}.Deploy|x86.ActiveCfg = Debug|Any CPU
		{7FE982D0-2F09-4308-A9D5-CA6CB974D496}.Deploy|x86.Build.0 = Debug|Any CPU
		{7FE982D0-2F09-4308-A9D5-CA6CB974D496}.Release|Any CPU.ActiveCfg = Release|Any CPU
		{7FE982D0-2F09-4308-A9D5-CA6CB974D496}.Release|Any CPU.Build.0 = Release|Any CPU
		{7FE982D0-2F09-4308-A9D5-CA6CB974D496}.Release|ARM.ActiveCfg = Release|Any CPU
		{7FE982D0-2F09-4308-A9D5-CA6CB974D496}.Release|ARM.Build.0 = Release|Any CPU
		{7FE982D0-2F09-4308-A9D5-CA6CB974D496}.Release|ARM64.ActiveCfg = Release|Any CPU
		{7FE982D0-2F09-4308-A9D5-CA6CB974D496}.Release|ARM64.Build.0 = Release|Any CPU
		{7FE982D0-2F09-4308-A9D5-CA6CB974D496}.Release|x64.ActiveCfg = Release|x64
		{7FE982D0-2F09-4308-A9D5-CA6CB974D496}.Release|x64.Build.0 = Release|x64
		{7FE982D0-2F09-4308-A9D5-CA6CB974D496}.Release|x86.ActiveCfg = Release|Any CPU
		{7FE982D0-2F09-4308-A9D5-CA6CB974D496}.Release|x86.Build.0 = Release|Any CPU
		{4960DD14-3431-47EC-B9D9-9D2730A98DC3}.CodeAnalysisDebug|Any CPU.ActiveCfg = Debug|Any CPU
		{4960DD14-3431-47EC-B9D9-9D2730A98DC3}.CodeAnalysisDebug|Any CPU.Build.0 = Debug|Any CPU
		{4960DD14-3431-47EC-B9D9-9D2730A98DC3}.CodeAnalysisDebug|ARM.ActiveCfg = Debug|Any CPU
		{4960DD14-3431-47EC-B9D9-9D2730A98DC3}.CodeAnalysisDebug|ARM.Build.0 = Debug|Any CPU
		{4960DD14-3431-47EC-B9D9-9D2730A98DC3}.CodeAnalysisDebug|ARM64.ActiveCfg = Debug|Any CPU
		{4960DD14-3431-47EC-B9D9-9D2730A98DC3}.CodeAnalysisDebug|ARM64.Build.0 = Debug|Any CPU
		{4960DD14-3431-47EC-B9D9-9D2730A98DC3}.CodeAnalysisDebug|x64.ActiveCfg = Debug|x64
		{4960DD14-3431-47EC-B9D9-9D2730A98DC3}.CodeAnalysisDebug|x64.Build.0 = Debug|x64
		{4960DD14-3431-47EC-B9D9-9D2730A98DC3}.CodeAnalysisDebug|x86.ActiveCfg = Debug|Any CPU
		{4960DD14-3431-47EC-B9D9-9D2730A98DC3}.CodeAnalysisDebug|x86.Build.0 = Debug|Any CPU
		{4960DD14-3431-47EC-B9D9-9D2730A98DC3}.Debug|Any CPU.ActiveCfg = Debug|Any CPU
		{4960DD14-3431-47EC-B9D9-9D2730A98DC3}.Debug|Any CPU.Build.0 = Debug|Any CPU
		{4960DD14-3431-47EC-B9D9-9D2730A98DC3}.Debug|ARM.ActiveCfg = Debug|Any CPU
		{4960DD14-3431-47EC-B9D9-9D2730A98DC3}.Debug|ARM.Build.0 = Debug|Any CPU
		{4960DD14-3431-47EC-B9D9-9D2730A98DC3}.Debug|ARM64.ActiveCfg = Debug|Any CPU
		{4960DD14-3431-47EC-B9D9-9D2730A98DC3}.Debug|ARM64.Build.0 = Debug|Any CPU
		{4960DD14-3431-47EC-B9D9-9D2730A98DC3}.Debug|x64.ActiveCfg = Debug|x64
		{4960DD14-3431-47EC-B9D9-9D2730A98DC3}.Debug|x64.Build.0 = Debug|x64
		{4960DD14-3431-47EC-B9D9-9D2730A98DC3}.Debug|x86.ActiveCfg = Debug|Any CPU
		{4960DD14-3431-47EC-B9D9-9D2730A98DC3}.Debug|x86.Build.0 = Debug|Any CPU
		{4960DD14-3431-47EC-B9D9-9D2730A98DC3}.Deploy|Any CPU.ActiveCfg = Deploy|Any CPU
		{4960DD14-3431-47EC-B9D9-9D2730A98DC3}.Deploy|Any CPU.Build.0 = Deploy|Any CPU
		{4960DD14-3431-47EC-B9D9-9D2730A98DC3}.Deploy|ARM.ActiveCfg = Deploy|Any CPU
		{4960DD14-3431-47EC-B9D9-9D2730A98DC3}.Deploy|ARM.Build.0 = Deploy|Any CPU
		{4960DD14-3431-47EC-B9D9-9D2730A98DC3}.Deploy|ARM64.ActiveCfg = Deploy|Any CPU
		{4960DD14-3431-47EC-B9D9-9D2730A98DC3}.Deploy|ARM64.Build.0 = Deploy|Any CPU
		{4960DD14-3431-47EC-B9D9-9D2730A98DC3}.Deploy|x64.ActiveCfg = Deploy|x64
		{4960DD14-3431-47EC-B9D9-9D2730A98DC3}.Deploy|x64.Build.0 = Deploy|x64
		{4960DD14-3431-47EC-B9D9-9D2730A98DC3}.Deploy|x86.ActiveCfg = Deploy|Any CPU
		{4960DD14-3431-47EC-B9D9-9D2730A98DC3}.Deploy|x86.Build.0 = Deploy|Any CPU
		{4960DD14-3431-47EC-B9D9-9D2730A98DC3}.Release|Any CPU.ActiveCfg = Release|Any CPU
		{4960DD14-3431-47EC-B9D9-9D2730A98DC3}.Release|Any CPU.Build.0 = Release|Any CPU
		{4960DD14-3431-47EC-B9D9-9D2730A98DC3}.Release|ARM.ActiveCfg = Release|Any CPU
		{4960DD14-3431-47EC-B9D9-9D2730A98DC3}.Release|ARM.Build.0 = Release|Any CPU
		{4960DD14-3431-47EC-B9D9-9D2730A98DC3}.Release|ARM64.ActiveCfg = Release|Any CPU
		{4960DD14-3431-47EC-B9D9-9D2730A98DC3}.Release|ARM64.Build.0 = Release|Any CPU
		{4960DD14-3431-47EC-B9D9-9D2730A98DC3}.Release|x64.ActiveCfg = Release|x64
		{4960DD14-3431-47EC-B9D9-9D2730A98DC3}.Release|x64.Build.0 = Release|x64
		{4960DD14-3431-47EC-B9D9-9D2730A98DC3}.Release|x86.ActiveCfg = Release|Any CPU
		{4960DD14-3431-47EC-B9D9-9D2730A98DC3}.Release|x86.Build.0 = Release|Any CPU
		{2E1FB0DF-F9BB-4909-9F32-2D9D022A8E57}.CodeAnalysisDebug|Any CPU.ActiveCfg = Debug|Any CPU
		{2E1FB0DF-F9BB-4909-9F32-2D9D022A8E57}.CodeAnalysisDebug|Any CPU.Build.0 = Debug|Any CPU
		{2E1FB0DF-F9BB-4909-9F32-2D9D022A8E57}.CodeAnalysisDebug|ARM.ActiveCfg = Debug|Any CPU
		{2E1FB0DF-F9BB-4909-9F32-2D9D022A8E57}.CodeAnalysisDebug|ARM.Build.0 = Debug|Any CPU
		{2E1FB0DF-F9BB-4909-9F32-2D9D022A8E57}.CodeAnalysisDebug|ARM64.ActiveCfg = Debug|Any CPU
		{2E1FB0DF-F9BB-4909-9F32-2D9D022A8E57}.CodeAnalysisDebug|ARM64.Build.0 = Debug|Any CPU
		{2E1FB0DF-F9BB-4909-9F32-2D9D022A8E57}.CodeAnalysisDebug|x64.ActiveCfg = Debug|x64
		{2E1FB0DF-F9BB-4909-9F32-2D9D022A8E57}.CodeAnalysisDebug|x64.Build.0 = Debug|x64
		{2E1FB0DF-F9BB-4909-9F32-2D9D022A8E57}.CodeAnalysisDebug|x86.ActiveCfg = Debug|Any CPU
		{2E1FB0DF-F9BB-4909-9F32-2D9D022A8E57}.CodeAnalysisDebug|x86.Build.0 = Debug|Any CPU
		{2E1FB0DF-F9BB-4909-9F32-2D9D022A8E57}.Debug|Any CPU.ActiveCfg = Debug|Any CPU
		{2E1FB0DF-F9BB-4909-9F32-2D9D022A8E57}.Debug|Any CPU.Build.0 = Debug|Any CPU
		{2E1FB0DF-F9BB-4909-9F32-2D9D022A8E57}.Debug|ARM.ActiveCfg = Debug|Any CPU
		{2E1FB0DF-F9BB-4909-9F32-2D9D022A8E57}.Debug|ARM.Build.0 = Debug|Any CPU
		{2E1FB0DF-F9BB-4909-9F32-2D9D022A8E57}.Debug|ARM64.ActiveCfg = Debug|Any CPU
		{2E1FB0DF-F9BB-4909-9F32-2D9D022A8E57}.Debug|ARM64.Build.0 = Debug|Any CPU
		{2E1FB0DF-F9BB-4909-9F32-2D9D022A8E57}.Debug|x64.ActiveCfg = Debug|x64
		{2E1FB0DF-F9BB-4909-9F32-2D9D022A8E57}.Debug|x64.Build.0 = Debug|x64
		{2E1FB0DF-F9BB-4909-9F32-2D9D022A8E57}.Debug|x86.ActiveCfg = Debug|Any CPU
		{2E1FB0DF-F9BB-4909-9F32-2D9D022A8E57}.Debug|x86.Build.0 = Debug|Any CPU
		{2E1FB0DF-F9BB-4909-9F32-2D9D022A8E57}.Deploy|Any CPU.ActiveCfg = Debug|Any CPU
		{2E1FB0DF-F9BB-4909-9F32-2D9D022A8E57}.Deploy|Any CPU.Build.0 = Debug|Any CPU
		{2E1FB0DF-F9BB-4909-9F32-2D9D022A8E57}.Deploy|ARM.ActiveCfg = Debug|Any CPU
		{2E1FB0DF-F9BB-4909-9F32-2D9D022A8E57}.Deploy|ARM.Build.0 = Debug|Any CPU
		{2E1FB0DF-F9BB-4909-9F32-2D9D022A8E57}.Deploy|ARM64.ActiveCfg = Debug|Any CPU
		{2E1FB0DF-F9BB-4909-9F32-2D9D022A8E57}.Deploy|ARM64.Build.0 = Debug|Any CPU
		{2E1FB0DF-F9BB-4909-9F32-2D9D022A8E57}.Deploy|x64.ActiveCfg = Debug|x64
		{2E1FB0DF-F9BB-4909-9F32-2D9D022A8E57}.Deploy|x64.Build.0 = Debug|x64
		{2E1FB0DF-F9BB-4909-9F32-2D9D022A8E57}.Deploy|x86.ActiveCfg = Debug|Any CPU
		{2E1FB0DF-F9BB-4909-9F32-2D9D022A8E57}.Deploy|x86.Build.0 = Debug|Any CPU
		{2E1FB0DF-F9BB-4909-9F32-2D9D022A8E57}.Release|Any CPU.ActiveCfg = Release|Any CPU
		{2E1FB0DF-F9BB-4909-9F32-2D9D022A8E57}.Release|Any CPU.Build.0 = Release|Any CPU
		{2E1FB0DF-F9BB-4909-9F32-2D9D022A8E57}.Release|ARM.ActiveCfg = Release|Any CPU
		{2E1FB0DF-F9BB-4909-9F32-2D9D022A8E57}.Release|ARM.Build.0 = Release|Any CPU
		{2E1FB0DF-F9BB-4909-9F32-2D9D022A8E57}.Release|ARM64.ActiveCfg = Release|Any CPU
		{2E1FB0DF-F9BB-4909-9F32-2D9D022A8E57}.Release|ARM64.Build.0 = Release|Any CPU
		{2E1FB0DF-F9BB-4909-9F32-2D9D022A8E57}.Release|x64.ActiveCfg = Release|x64
		{2E1FB0DF-F9BB-4909-9F32-2D9D022A8E57}.Release|x64.Build.0 = Release|x64
		{2E1FB0DF-F9BB-4909-9F32-2D9D022A8E57}.Release|x86.ActiveCfg = Release|Any CPU
		{2E1FB0DF-F9BB-4909-9F32-2D9D022A8E57}.Release|x86.Build.0 = Release|Any CPU
		{AA0C00CB-8699-4F37-BFAE-40CA87ACC06D}.CodeAnalysisDebug|Any CPU.ActiveCfg = CodeAnalysisDebug|Any CPU
		{AA0C00CB-8699-4F37-BFAE-40CA87ACC06D}.CodeAnalysisDebug|Any CPU.Build.0 = CodeAnalysisDebug|Any CPU
		{AA0C00CB-8699-4F37-BFAE-40CA87ACC06D}.CodeAnalysisDebug|ARM.ActiveCfg = CodeAnalysisDebug|Any CPU
		{AA0C00CB-8699-4F37-BFAE-40CA87ACC06D}.CodeAnalysisDebug|ARM.Build.0 = CodeAnalysisDebug|Any CPU
		{AA0C00CB-8699-4F37-BFAE-40CA87ACC06D}.CodeAnalysisDebug|ARM64.ActiveCfg = CodeAnalysisDebug|Any CPU
		{AA0C00CB-8699-4F37-BFAE-40CA87ACC06D}.CodeAnalysisDebug|ARM64.Build.0 = CodeAnalysisDebug|Any CPU
		{AA0C00CB-8699-4F37-BFAE-40CA87ACC06D}.CodeAnalysisDebug|x64.ActiveCfg = CodeAnalysisDebug|x64
		{AA0C00CB-8699-4F37-BFAE-40CA87ACC06D}.CodeAnalysisDebug|x64.Build.0 = CodeAnalysisDebug|x64
		{AA0C00CB-8699-4F37-BFAE-40CA87ACC06D}.CodeAnalysisDebug|x86.ActiveCfg = CodeAnalysisDebug|Any CPU
		{AA0C00CB-8699-4F37-BFAE-40CA87ACC06D}.CodeAnalysisDebug|x86.Build.0 = CodeAnalysisDebug|Any CPU
		{AA0C00CB-8699-4F37-BFAE-40CA87ACC06D}.Debug|Any CPU.ActiveCfg = Debug|Any CPU
		{AA0C00CB-8699-4F37-BFAE-40CA87ACC06D}.Debug|Any CPU.Build.0 = Debug|Any CPU
		{AA0C00CB-8699-4F37-BFAE-40CA87ACC06D}.Debug|ARM.ActiveCfg = Debug|Any CPU
		{AA0C00CB-8699-4F37-BFAE-40CA87ACC06D}.Debug|ARM.Build.0 = Debug|Any CPU
		{AA0C00CB-8699-4F37-BFAE-40CA87ACC06D}.Debug|ARM64.ActiveCfg = Debug|Any CPU
		{AA0C00CB-8699-4F37-BFAE-40CA87ACC06D}.Debug|ARM64.Build.0 = Debug|Any CPU
		{AA0C00CB-8699-4F37-BFAE-40CA87ACC06D}.Debug|x64.ActiveCfg = Debug|x64
		{AA0C00CB-8699-4F37-BFAE-40CA87ACC06D}.Debug|x64.Build.0 = Debug|x64
		{AA0C00CB-8699-4F37-BFAE-40CA87ACC06D}.Debug|x86.ActiveCfg = Debug|Any CPU
		{AA0C00CB-8699-4F37-BFAE-40CA87ACC06D}.Debug|x86.Build.0 = Debug|Any CPU
		{AA0C00CB-8699-4F37-BFAE-40CA87ACC06D}.Deploy|Any CPU.ActiveCfg = Debug|Any CPU
		{AA0C00CB-8699-4F37-BFAE-40CA87ACC06D}.Deploy|Any CPU.Build.0 = Debug|Any CPU
		{AA0C00CB-8699-4F37-BFAE-40CA87ACC06D}.Deploy|ARM.ActiveCfg = Debug|Any CPU
		{AA0C00CB-8699-4F37-BFAE-40CA87ACC06D}.Deploy|ARM.Build.0 = Debug|Any CPU
		{AA0C00CB-8699-4F37-BFAE-40CA87ACC06D}.Deploy|ARM64.ActiveCfg = Debug|Any CPU
		{AA0C00CB-8699-4F37-BFAE-40CA87ACC06D}.Deploy|ARM64.Build.0 = Debug|Any CPU
		{AA0C00CB-8699-4F37-BFAE-40CA87ACC06D}.Deploy|x64.ActiveCfg = Debug|x64
		{AA0C00CB-8699-4F37-BFAE-40CA87ACC06D}.Deploy|x64.Build.0 = Debug|x64
		{AA0C00CB-8699-4F37-BFAE-40CA87ACC06D}.Deploy|x86.ActiveCfg = Debug|Any CPU
		{AA0C00CB-8699-4F37-BFAE-40CA87ACC06D}.Deploy|x86.Build.0 = Debug|Any CPU
		{AA0C00CB-8699-4F37-BFAE-40CA87ACC06D}.Release|Any CPU.ActiveCfg = Release|Any CPU
		{AA0C00CB-8699-4F37-BFAE-40CA87ACC06D}.Release|Any CPU.Build.0 = Release|Any CPU
		{AA0C00CB-8699-4F37-BFAE-40CA87ACC06D}.Release|ARM.ActiveCfg = Release|Any CPU
		{AA0C00CB-8699-4F37-BFAE-40CA87ACC06D}.Release|ARM.Build.0 = Release|Any CPU
		{AA0C00CB-8699-4F37-BFAE-40CA87ACC06D}.Release|ARM64.ActiveCfg = Release|Any CPU
		{AA0C00CB-8699-4F37-BFAE-40CA87ACC06D}.Release|ARM64.Build.0 = Release|Any CPU
		{AA0C00CB-8699-4F37-BFAE-40CA87ACC06D}.Release|x64.ActiveCfg = Release|x64
		{AA0C00CB-8699-4F37-BFAE-40CA87ACC06D}.Release|x64.Build.0 = Release|x64
		{AA0C00CB-8699-4F37-BFAE-40CA87ACC06D}.Release|x86.ActiveCfg = Release|Any CPU
		{AA0C00CB-8699-4F37-BFAE-40CA87ACC06D}.Release|x86.Build.0 = Release|Any CPU
		{BA852758-6682-4878-906A-917A1E75DE16}.CodeAnalysisDebug|Any CPU.ActiveCfg = Debug|Any CPU
		{BA852758-6682-4878-906A-917A1E75DE16}.CodeAnalysisDebug|Any CPU.Build.0 = Debug|Any CPU
		{BA852758-6682-4878-906A-917A1E75DE16}.CodeAnalysisDebug|ARM.ActiveCfg = Debug|Any CPU
		{BA852758-6682-4878-906A-917A1E75DE16}.CodeAnalysisDebug|ARM.Build.0 = Debug|Any CPU
		{BA852758-6682-4878-906A-917A1E75DE16}.CodeAnalysisDebug|ARM64.ActiveCfg = Debug|Any CPU
		{BA852758-6682-4878-906A-917A1E75DE16}.CodeAnalysisDebug|ARM64.Build.0 = Debug|Any CPU
		{BA852758-6682-4878-906A-917A1E75DE16}.CodeAnalysisDebug|x64.ActiveCfg = Debug|Any CPU
		{BA852758-6682-4878-906A-917A1E75DE16}.CodeAnalysisDebug|x64.Build.0 = Debug|Any CPU
		{BA852758-6682-4878-906A-917A1E75DE16}.CodeAnalysisDebug|x86.ActiveCfg = Debug|Any CPU
		{BA852758-6682-4878-906A-917A1E75DE16}.CodeAnalysisDebug|x86.Build.0 = Debug|Any CPU
		{BA852758-6682-4878-906A-917A1E75DE16}.Debug|Any CPU.ActiveCfg = Debug|Any CPU
		{BA852758-6682-4878-906A-917A1E75DE16}.Debug|Any CPU.Build.0 = Debug|Any CPU
		{BA852758-6682-4878-906A-917A1E75DE16}.Debug|ARM.ActiveCfg = Debug|Any CPU
		{BA852758-6682-4878-906A-917A1E75DE16}.Debug|ARM.Build.0 = Debug|Any CPU
		{BA852758-6682-4878-906A-917A1E75DE16}.Debug|ARM64.ActiveCfg = Debug|Any CPU
		{BA852758-6682-4878-906A-917A1E75DE16}.Debug|ARM64.Build.0 = Debug|Any CPU
		{BA852758-6682-4878-906A-917A1E75DE16}.Debug|x64.ActiveCfg = Debug|Any CPU
		{BA852758-6682-4878-906A-917A1E75DE16}.Debug|x64.Build.0 = Debug|Any CPU
		{BA852758-6682-4878-906A-917A1E75DE16}.Debug|x86.ActiveCfg = Debug|Any CPU
		{BA852758-6682-4878-906A-917A1E75DE16}.Debug|x86.Build.0 = Debug|Any CPU
		{BA852758-6682-4878-906A-917A1E75DE16}.Deploy|Any CPU.ActiveCfg = Debug|Any CPU
		{BA852758-6682-4878-906A-917A1E75DE16}.Deploy|Any CPU.Build.0 = Debug|Any CPU
		{BA852758-6682-4878-906A-917A1E75DE16}.Deploy|ARM.ActiveCfg = Debug|Any CPU
		{BA852758-6682-4878-906A-917A1E75DE16}.Deploy|ARM.Build.0 = Debug|Any CPU
		{BA852758-6682-4878-906A-917A1E75DE16}.Deploy|ARM64.ActiveCfg = Debug|Any CPU
		{BA852758-6682-4878-906A-917A1E75DE16}.Deploy|ARM64.Build.0 = Debug|Any CPU
		{BA852758-6682-4878-906A-917A1E75DE16}.Deploy|x64.ActiveCfg = Debug|Any CPU
		{BA852758-6682-4878-906A-917A1E75DE16}.Deploy|x64.Build.0 = Debug|Any CPU
		{BA852758-6682-4878-906A-917A1E75DE16}.Deploy|x86.ActiveCfg = Debug|Any CPU
		{BA852758-6682-4878-906A-917A1E75DE16}.Deploy|x86.Build.0 = Debug|Any CPU
		{BA852758-6682-4878-906A-917A1E75DE16}.Release|Any CPU.ActiveCfg = Release|Any CPU
		{BA852758-6682-4878-906A-917A1E75DE16}.Release|Any CPU.Build.0 = Release|Any CPU
		{BA852758-6682-4878-906A-917A1E75DE16}.Release|ARM.ActiveCfg = Release|Any CPU
		{BA852758-6682-4878-906A-917A1E75DE16}.Release|ARM.Build.0 = Release|Any CPU
		{BA852758-6682-4878-906A-917A1E75DE16}.Release|ARM64.ActiveCfg = Release|Any CPU
		{BA852758-6682-4878-906A-917A1E75DE16}.Release|ARM64.Build.0 = Release|Any CPU
		{BA852758-6682-4878-906A-917A1E75DE16}.Release|x64.ActiveCfg = Release|Any CPU
		{BA852758-6682-4878-906A-917A1E75DE16}.Release|x64.Build.0 = Release|Any CPU
		{BA852758-6682-4878-906A-917A1E75DE16}.Release|x86.ActiveCfg = Release|Any CPU
		{BA852758-6682-4878-906A-917A1E75DE16}.Release|x86.Build.0 = Release|Any CPU
		{8917A829-3028-4118-A1A2-798E80CA73C8}.CodeAnalysisDebug|Any CPU.ActiveCfg = Debug|Any CPU
		{8917A829-3028-4118-A1A2-798E80CA73C8}.CodeAnalysisDebug|Any CPU.Build.0 = Debug|Any CPU
		{8917A829-3028-4118-A1A2-798E80CA73C8}.CodeAnalysisDebug|ARM.ActiveCfg = Debug|Any CPU
		{8917A829-3028-4118-A1A2-798E80CA73C8}.CodeAnalysisDebug|ARM.Build.0 = Debug|Any CPU
		{8917A829-3028-4118-A1A2-798E80CA73C8}.CodeAnalysisDebug|ARM64.ActiveCfg = Debug|Any CPU
		{8917A829-3028-4118-A1A2-798E80CA73C8}.CodeAnalysisDebug|ARM64.Build.0 = Debug|Any CPU
		{8917A829-3028-4118-A1A2-798E80CA73C8}.CodeAnalysisDebug|x64.ActiveCfg = Debug|Any CPU
		{8917A829-3028-4118-A1A2-798E80CA73C8}.CodeAnalysisDebug|x64.Build.0 = Debug|Any CPU
		{8917A829-3028-4118-A1A2-798E80CA73C8}.CodeAnalysisDebug|x86.ActiveCfg = Debug|Any CPU
		{8917A829-3028-4118-A1A2-798E80CA73C8}.CodeAnalysisDebug|x86.Build.0 = Debug|Any CPU
		{8917A829-3028-4118-A1A2-798E80CA73C8}.Debug|Any CPU.ActiveCfg = Debug|Any CPU
		{8917A829-3028-4118-A1A2-798E80CA73C8}.Debug|Any CPU.Build.0 = Debug|Any CPU
		{8917A829-3028-4118-A1A2-798E80CA73C8}.Debug|ARM.ActiveCfg = Debug|Any CPU
		{8917A829-3028-4118-A1A2-798E80CA73C8}.Debug|ARM.Build.0 = Debug|Any CPU
		{8917A829-3028-4118-A1A2-798E80CA73C8}.Debug|ARM64.ActiveCfg = Debug|Any CPU
		{8917A829-3028-4118-A1A2-798E80CA73C8}.Debug|ARM64.Build.0 = Debug|Any CPU
		{8917A829-3028-4118-A1A2-798E80CA73C8}.Debug|x64.ActiveCfg = Debug|Any CPU
		{8917A829-3028-4118-A1A2-798E80CA73C8}.Debug|x64.Build.0 = Debug|Any CPU
		{8917A829-3028-4118-A1A2-798E80CA73C8}.Debug|x86.ActiveCfg = Debug|Any CPU
		{8917A829-3028-4118-A1A2-798E80CA73C8}.Debug|x86.Build.0 = Debug|Any CPU
		{8917A829-3028-4118-A1A2-798E80CA73C8}.Deploy|Any CPU.ActiveCfg = Debug|Any CPU
		{8917A829-3028-4118-A1A2-798E80CA73C8}.Deploy|Any CPU.Build.0 = Debug|Any CPU
		{8917A829-3028-4118-A1A2-798E80CA73C8}.Deploy|ARM.ActiveCfg = Debug|Any CPU
		{8917A829-3028-4118-A1A2-798E80CA73C8}.Deploy|ARM.Build.0 = Debug|Any CPU
		{8917A829-3028-4118-A1A2-798E80CA73C8}.Deploy|ARM64.ActiveCfg = Debug|Any CPU
		{8917A829-3028-4118-A1A2-798E80CA73C8}.Deploy|ARM64.Build.0 = Debug|Any CPU
		{8917A829-3028-4118-A1A2-798E80CA73C8}.Deploy|x64.ActiveCfg = Debug|Any CPU
		{8917A829-3028-4118-A1A2-798E80CA73C8}.Deploy|x64.Build.0 = Debug|Any CPU
		{8917A829-3028-4118-A1A2-798E80CA73C8}.Deploy|x86.ActiveCfg = Debug|Any CPU
		{8917A829-3028-4118-A1A2-798E80CA73C8}.Deploy|x86.Build.0 = Debug|Any CPU
		{8917A829-3028-4118-A1A2-798E80CA73C8}.Release|Any CPU.ActiveCfg = Release|Any CPU
		{8917A829-3028-4118-A1A2-798E80CA73C8}.Release|Any CPU.Build.0 = Release|Any CPU
		{8917A829-3028-4118-A1A2-798E80CA73C8}.Release|ARM.ActiveCfg = Release|Any CPU
		{8917A829-3028-4118-A1A2-798E80CA73C8}.Release|ARM.Build.0 = Release|Any CPU
		{8917A829-3028-4118-A1A2-798E80CA73C8}.Release|ARM64.ActiveCfg = Release|Any CPU
		{8917A829-3028-4118-A1A2-798E80CA73C8}.Release|ARM64.Build.0 = Release|Any CPU
		{8917A829-3028-4118-A1A2-798E80CA73C8}.Release|x64.ActiveCfg = Release|Any CPU
		{8917A829-3028-4118-A1A2-798E80CA73C8}.Release|x64.Build.0 = Release|Any CPU
		{8917A829-3028-4118-A1A2-798E80CA73C8}.Release|x86.ActiveCfg = Release|Any CPU
		{8917A829-3028-4118-A1A2-798E80CA73C8}.Release|x86.Build.0 = Release|Any CPU
	EndGlobalSection
	GlobalSection(SolutionProperties) = preSolution
		HideSolutionNode = FALSE
	EndGlobalSection
	GlobalSection(NestedProjects) = preSolution
		{7FE982D0-2F09-4308-A9D5-CA6CB974D496} = {386AAC01-715C-4683-B4F9-5BC96F26F49B}
		{4960DD14-3431-47EC-B9D9-9D2730A98DC3} = {386AAC01-715C-4683-B4F9-5BC96F26F49B}
		{2E1FB0DF-F9BB-4909-9F32-2D9D022A8E57} = {C7582D0A-014E-4C8E-BD4A-E542BDDCED31}
		{C7582D0A-014E-4C8E-BD4A-E542BDDCED31} = {386AAC01-715C-4683-B4F9-5BC96F26F49B}
		{AA0C00CB-8699-4F37-BFAE-40CA87ACC06D} = {C7582D0A-014E-4C8E-BD4A-E542BDDCED31}
		{BA852758-6682-4878-906A-917A1E75DE16} = {386AAC01-715C-4683-B4F9-5BC96F26F49B}
	EndGlobalSection
	GlobalSection(ExtensibilityGlobals) = postSolution
		SolutionGuid = {A237DAAE-895C-4A7F-957D-758123AFE1DB}
	EndGlobalSection
EndGlobal
