
Microsoft Visual Studio Solution File, Format Version 12.00
# Visual Studio Version 16
VisualStudioVersion = 16.0.28803.156
MinimumVisualStudioVersion = 10.0.40219.1
Project("{2150E333-8FDC-42A3-9474-1A3956D46DE8}") = "Solution Items", "Solution Items", "{020C4898-9337-4E36-A674-1F65E6AFF538}"
	ProjectSection(SolutionItems) = preProject
		.gitignore = .gitignore
		Changelog.md = Changelog.md
		Directory.Build.props = Directory.Build.props
		LICENSE = LICENSE
	EndProjectSection
EndProject
Project("{D954291E-2A0B-460D-934E-DC6B0785DB48}") = "WinCopies.Data.Shared", "WinCopies.Data.Shared\WinCopies.Data.Shared.shproj", "{0EA8F0F5-12A8-4F14-BF17-5422E25ED835}"
EndProject
Project("{D954291E-2A0B-460D-934E-DC6B0785DB48}") = "WinCopies.Util.Shared", "WinCopies.Util.Shared\WinCopies.Util.Shared.shproj", "{E2160F13-964F-409C-9A4F-1FDBBDA1B76C}"
EndProject
Project("{2150E333-8FDC-42A3-9474-1A3956D46DE8}") = "Samples", "Samples", "{820B7BD2-F4FD-4A18-AE49-A0A88BD970C3}"
EndProject
Project("{FAE04EC0-301F-11D3-BF4B-00C04F79EFBC}") = "WinCopies.GUI.Samples.Net4.8", "Samples\WinCopies.GUI.Samples.Net4.8\WinCopies.GUI.Samples.Net4.8.csproj", "{1B0203D7-4AE0-4A07-AB45-5AE1FC7D7C11}"
EndProject
Project("{D954291E-2A0B-460D-934E-DC6B0785DB48}") = "WinCopies.IO.Shared", "WinCopies.IO.Shared\WinCopies.IO.Shared.shproj", "{5C6A8E8F-21AB-4C80-B898-5FB090CB72BD}"
EndProject
Project("{D954291E-2A0B-460D-934E-DC6B0785DB48}") = "WinCopies.IO.FileProcesses.Shared", "WinCopies.IO.FileProcesses.Shared\WinCopies.IO.FileProcesses.Shared.shproj", "{ACEEF113-2233-4C78-B0F2-87D104BAA60C}"
EndProject
Project("{FAE04EC0-301F-11D3-BF4B-00C04F79EFBC}") = "WinCopies.Util", "WinCopies.Util\WinCopies.Util.csproj", "{170CFACB-ECC1-4767-B83D-243A51BEDF33}"
EndProject
Project("{FAE04EC0-301F-11D3-BF4B-00C04F79EFBC}") = "WinCopies.Data", "WinCopies.Data\WinCopies.Data.csproj", "{2DCA5922-4C4C-418B-8320-DDE70E7D6E73}"
EndProject
Project("{FAE04EC0-301F-11D3-BF4B-00C04F79EFBC}") = "WinCopies.IO", "WinCopies.IO\WinCopies.IO.csproj", "{74ABD400-80A5-4AFE-A17A-FADDBBE0AC69}"
EndProject
Project("{FAE04EC0-301F-11D3-BF4B-00C04F79EFBC}") = "WinCopies.IO.FileProcesses", "WinCopies.IO.FileProcesses\WinCopies.IO.FileProcesses.csproj", "{A13C8CE0-14ED-4771-B615-1F27DE911663}"
EndProject
Project("{D954291E-2A0B-460D-934E-DC6B0785DB48}") = "WinCopies.Util.WindowsDesktop.Shared", "WinCopies.Util.WindowsDesktop.Shared\WinCopies.Util.WindowsDesktop.Shared.shproj", "{02122768-DC6A-467C-A5F5-AE5BF2669308}"
EndProject
Project("{FAE04EC0-301F-11D3-BF4B-00C04F79EFBC}") = "WinCopies.Util.WindowsDesktop", "WinCopies.Util.WindowsDesktop\WinCopies.Util.WindowsDesktop.csproj", "{4317C175-6FA8-45BE-A6CF-12BA814F2D6E}"
EndProject
Global
	GlobalSection(SharedMSBuildProjectFiles) = preSolution
		WinCopies.Util.WindowsDesktop.Shared\WinCopies.Util.WindowsDesktop.Shared.projitems*{02122768-dc6a-467c-a5f5-ae5bf2669308}*SharedItemsImports = 13
		WinCopies.Data.Shared\WinCopies.Data.Shared.projitems*{0ea8f0f5-12a8-4f14-bf17-5422e25ed835}*SharedItemsImports = 13
		WinCopies.IO.Shared\WinCopies.IO.Shared.projitems*{5c6a8e8f-21ab-4c80-b898-5fb090cb72bd}*SharedItemsImports = 13
		WinCopies.IO.FileProcesses.Shared\WinCopies.IO.FileProcesses.Shared.projitems*{aceef113-2233-4c78-b0f2-87d104baa60c}*SharedItemsImports = 13
		WinCopies.Util.Shared\WinCopies.Util.Shared.projitems*{e2160f13-964f-409c-9a4f-1fdbbda1b76c}*SharedItemsImports = 13
	EndGlobalSection
	GlobalSection(SolutionConfigurationPlatforms) = preSolution
		Debug|Any CPU = Debug|Any CPU
		Debug|x64 = Debug|x64
		Release|Any CPU = Release|Any CPU
		Release|x64 = Release|x64
	EndGlobalSection
	GlobalSection(ProjectConfigurationPlatforms) = postSolution
		{1B0203D7-4AE0-4A07-AB45-5AE1FC7D7C11}.Debug|Any CPU.ActiveCfg = Debug|Any CPU
		{1B0203D7-4AE0-4A07-AB45-5AE1FC7D7C11}.Debug|Any CPU.Build.0 = Debug|Any CPU
		{1B0203D7-4AE0-4A07-AB45-5AE1FC7D7C11}.Debug|x64.ActiveCfg = Debug|Any CPU
		{1B0203D7-4AE0-4A07-AB45-5AE1FC7D7C11}.Debug|x64.Build.0 = Debug|Any CPU
		{1B0203D7-4AE0-4A07-AB45-5AE1FC7D7C11}.Release|Any CPU.ActiveCfg = Release|Any CPU
		{1B0203D7-4AE0-4A07-AB45-5AE1FC7D7C11}.Release|Any CPU.Build.0 = Release|Any CPU
		{1B0203D7-4AE0-4A07-AB45-5AE1FC7D7C11}.Release|x64.ActiveCfg = Release|Any CPU
		{1B0203D7-4AE0-4A07-AB45-5AE1FC7D7C11}.Release|x64.Build.0 = Release|Any CPU
		{170CFACB-ECC1-4767-B83D-243A51BEDF33}.Debug|Any CPU.ActiveCfg = Debug|Any CPU
		{170CFACB-ECC1-4767-B83D-243A51BEDF33}.Debug|Any CPU.Build.0 = Debug|Any CPU
		{170CFACB-ECC1-4767-B83D-243A51BEDF33}.Debug|x64.ActiveCfg = Debug|Any CPU
		{170CFACB-ECC1-4767-B83D-243A51BEDF33}.Debug|x64.Build.0 = Debug|Any CPU
		{170CFACB-ECC1-4767-B83D-243A51BEDF33}.Release|Any CPU.ActiveCfg = Release|Any CPU
		{170CFACB-ECC1-4767-B83D-243A51BEDF33}.Release|Any CPU.Build.0 = Release|Any CPU
		{170CFACB-ECC1-4767-B83D-243A51BEDF33}.Release|x64.ActiveCfg = Release|Any CPU
		{170CFACB-ECC1-4767-B83D-243A51BEDF33}.Release|x64.Build.0 = Release|Any CPU
		{2DCA5922-4C4C-418B-8320-DDE70E7D6E73}.Debug|Any CPU.ActiveCfg = Debug|Any CPU
		{2DCA5922-4C4C-418B-8320-DDE70E7D6E73}.Debug|Any CPU.Build.0 = Debug|Any CPU
		{2DCA5922-4C4C-418B-8320-DDE70E7D6E73}.Debug|x64.ActiveCfg = Debug|Any CPU
		{2DCA5922-4C4C-418B-8320-DDE70E7D6E73}.Debug|x64.Build.0 = Debug|Any CPU
		{2DCA5922-4C4C-418B-8320-DDE70E7D6E73}.Release|Any CPU.ActiveCfg = Release|Any CPU
		{2DCA5922-4C4C-418B-8320-DDE70E7D6E73}.Release|Any CPU.Build.0 = Release|Any CPU
		{2DCA5922-4C4C-418B-8320-DDE70E7D6E73}.Release|x64.ActiveCfg = Release|Any CPU
		{2DCA5922-4C4C-418B-8320-DDE70E7D6E73}.Release|x64.Build.0 = Release|Any CPU
		{74ABD400-80A5-4AFE-A17A-FADDBBE0AC69}.Debug|Any CPU.ActiveCfg = Debug|Any CPU
		{74ABD400-80A5-4AFE-A17A-FADDBBE0AC69}.Debug|Any CPU.Build.0 = Debug|Any CPU
		{74ABD400-80A5-4AFE-A17A-FADDBBE0AC69}.Debug|x64.ActiveCfg = Debug|Any CPU
		{74ABD400-80A5-4AFE-A17A-FADDBBE0AC69}.Debug|x64.Build.0 = Debug|Any CPU
		{74ABD400-80A5-4AFE-A17A-FADDBBE0AC69}.Release|Any CPU.ActiveCfg = Release|Any CPU
		{74ABD400-80A5-4AFE-A17A-FADDBBE0AC69}.Release|Any CPU.Build.0 = Release|Any CPU
		{74ABD400-80A5-4AFE-A17A-FADDBBE0AC69}.Release|x64.ActiveCfg = Release|Any CPU
		{74ABD400-80A5-4AFE-A17A-FADDBBE0AC69}.Release|x64.Build.0 = Release|Any CPU
		{A13C8CE0-14ED-4771-B615-1F27DE911663}.Debug|Any CPU.ActiveCfg = Debug|Any CPU
		{A13C8CE0-14ED-4771-B615-1F27DE911663}.Debug|Any CPU.Build.0 = Debug|Any CPU
		{A13C8CE0-14ED-4771-B615-1F27DE911663}.Debug|x64.ActiveCfg = Debug|Any CPU
		{A13C8CE0-14ED-4771-B615-1F27DE911663}.Debug|x64.Build.0 = Debug|Any CPU
		{A13C8CE0-14ED-4771-B615-1F27DE911663}.Release|Any CPU.ActiveCfg = Release|Any CPU
		{A13C8CE0-14ED-4771-B615-1F27DE911663}.Release|Any CPU.Build.0 = Release|Any CPU
		{A13C8CE0-14ED-4771-B615-1F27DE911663}.Release|x64.ActiveCfg = Release|Any CPU
		{A13C8CE0-14ED-4771-B615-1F27DE911663}.Release|x64.Build.0 = Release|Any CPU
		{4317C175-6FA8-45BE-A6CF-12BA814F2D6E}.Debug|Any CPU.ActiveCfg = Debug|Any CPU
		{4317C175-6FA8-45BE-A6CF-12BA814F2D6E}.Debug|Any CPU.Build.0 = Debug|Any CPU
		{4317C175-6FA8-45BE-A6CF-12BA814F2D6E}.Debug|x64.ActiveCfg = Debug|Any CPU
		{4317C175-6FA8-45BE-A6CF-12BA814F2D6E}.Debug|x64.Build.0 = Debug|Any CPU
		{4317C175-6FA8-45BE-A6CF-12BA814F2D6E}.Release|Any CPU.ActiveCfg = Release|Any CPU
		{4317C175-6FA8-45BE-A6CF-12BA814F2D6E}.Release|Any CPU.Build.0 = Release|Any CPU
		{4317C175-6FA8-45BE-A6CF-12BA814F2D6E}.Release|x64.ActiveCfg = Release|Any CPU
		{4317C175-6FA8-45BE-A6CF-12BA814F2D6E}.Release|x64.Build.0 = Release|Any CPU
	EndGlobalSection
	GlobalSection(SolutionProperties) = preSolution
		HideSolutionNode = FALSE
	EndGlobalSection
	GlobalSection(NestedProjects) = preSolution
		{1B0203D7-4AE0-4A07-AB45-5AE1FC7D7C11} = {820B7BD2-F4FD-4A18-AE49-A0A88BD970C3}
	EndGlobalSection
	GlobalSection(ExtensibilityGlobals) = postSolution
		SolutionGuid = {75922CA2-98D5-4443-BE25-39062994E598}
	EndGlobalSection
EndGlobal
