
Microsoft Visual Studio Solution File, Format Version 12.00
# Visual Studio Version 16
VisualStudioVersion = 16.0.30128.74
MinimumVisualStudioVersion = 10.0.40219.1
Project("{9A19103F-16F7-4668-BE54-9A1E7A4F7556}") = "WinCopies.Tests", "WinCopies.Tests\WinCopies.Tests.csproj", "{0352198C-52BD-4056-872F-F60490FDE2D3}"
EndProject
Project("{2150E333-8FDC-42A3-9474-1A3956D46DE8}") = "WinCopies framework", "WinCopies framework", "{DFED3923-8DCC-4B2A-8714-1478EB146B68}"
EndProject
Project("{9A19103F-16F7-4668-BE54-9A1E7A4F7556}") = "WinCopies.Data", "..\Source\WinCopies.Data\WinCopies.Data.csproj", "{91DB51D4-6562-4B13-9077-DCF50A9011E3}"
EndProject
Project("{D954291E-2A0B-460D-934E-DC6B0785DB48}") = "WinCopies.Data.Shared", "..\Source\WinCopies.Data.Shared\WinCopies.Data.Shared.shproj", "{0EA8F0F5-12A8-4F14-BF17-5422E25ED835}"
EndProject
Project("{9A19103F-16F7-4668-BE54-9A1E7A4F7556}") = "WinCopies.GUI", "..\Source\WinCopies.GUI\WinCopies.GUI.csproj", "{D2864826-076D-431F-A242-3A57AAE62E58}"
EndProject
Project("{9A19103F-16F7-4668-BE54-9A1E7A4F7556}") = "WinCopies.GUI.Controls", "..\Source\WinCopies.GUI.Controls\WinCopies.GUI.Controls.csproj", "{6CC29225-B9FD-40A5-BDBA-9DAA03DF9351}"
EndProject
Project("{D954291E-2A0B-460D-934E-DC6B0785DB48}") = "WinCopies.GUI.Controls.Shared", "..\Source\WinCopies.GUI.Controls.Shared\WinCopies.GUI.Controls.Shared.shproj", "{8E59282E-C7FB-44DC-8617-A1B2A932C5A9}"
EndProject
Project("{9A19103F-16F7-4668-BE54-9A1E7A4F7556}") = "WinCopies.GUI.Icons", "..\Source\WinCopies.GUI.Icons\WinCopies.GUI.Icons.csproj", "{41BB440A-8A0C-4CDF-B182-909F0DBB147A}"
EndProject
Project("{9A19103F-16F7-4668-BE54-9A1E7A4F7556}") = "WinCopies.GUI.IO", "..\Source\WinCopies.GUI.IO\WinCopies.GUI.IO.csproj", "{09FFB314-471C-4E5D-BB3B-26E3029DD54E}"
EndProject
Project("{D954291E-2A0B-460D-934E-DC6B0785DB48}") = "WinCopies.GUI.IO.Shared", "..\Source\WinCopies.GUI.IO.Shared\WinCopies.GUI.IO.Shared.shproj", "{690260B7-F85D-481E-9527-0A6034E39053}"
EndProject
Project("{9A19103F-16F7-4668-BE54-9A1E7A4F7556}") = "WinCopies.GUI.Models", "..\Source\WinCopies.GUI.Models\WinCopies.GUI.Models.csproj", "{B6B007BB-E248-43B7-AAB6-4DF190C3238A}"
EndProject
Project("{D954291E-2A0B-460D-934E-DC6B0785DB48}") = "WinCopies.GUI.Models.Shared", "..\Source\WinCopies.GUI.Models.Shared\WinCopies.GUI.Models.Shared.shproj", "{A43AEE04-0665-4D64-A4B9-7FF1E471BF29}"
EndProject
Project("{D954291E-2A0B-460D-934E-DC6B0785DB48}") = "WinCopies.GUI.Shared", "..\Source\WinCopies.GUI.Shared\WinCopies.GUI.Shared.shproj", "{3AAF402A-7C4A-455F-8F42-6F4F13C5E185}"
EndProject
Project("{9A19103F-16F7-4668-BE54-9A1E7A4F7556}") = "WinCopies.GUI.Templates", "..\Source\WinCopies.GUI.Templates\WinCopies.GUI.Templates.csproj", "{47C69ABA-F5D9-4C4E-816E-337E418E27B9}"
EndProject
Project("{D954291E-2A0B-460D-934E-DC6B0785DB48}") = "WinCopies.GUI.Templates.Shared", "..\Source\WinCopies.GUI.Templates.Shared\WinCopies.GUI.Templates.Shared.shproj", "{1AF939A9-D753-48E4-B114-FB59E5F3F7FB}"
EndProject
Project("{9A19103F-16F7-4668-BE54-9A1E7A4F7556}") = "WinCopies.GUI.ViewModels", "..\Source\WinCopies.GUI.ViewModels\WinCopies.GUI.ViewModels.csproj", "{5DDBFFFC-0367-4F36-9C77-12709CECA81D}"
EndProject
Project("{D954291E-2A0B-460D-934E-DC6B0785DB48}") = "WinCopies.GUI.ViewModels.Shared", "..\Source\WinCopies.GUI.ViewModels.Shared\WinCopies.GUI.ViewModels.Shared.shproj", "{589FCD51-85A1-46FF-AB94-3CDD133F92DE}"
EndProject
Project("{9A19103F-16F7-4668-BE54-9A1E7A4F7556}") = "WinCopies.GUI.Windows", "..\Source\WinCopies.GUI.Windows\WinCopies.GUI.Windows.csproj", "{208BABF1-8992-4C5A-8D00-3CDCCABF1806}"
EndProject
Project("{D954291E-2A0B-460D-934E-DC6B0785DB48}") = "WinCopies.GUI.Windows.Shared", "..\Source\WinCopies.GUI.Windows.Shared\WinCopies.GUI.Windows.Shared.shproj", "{3FA63940-0513-455D-A3D1-FBA954C22869}"
EndProject
Project("{9A19103F-16F7-4668-BE54-9A1E7A4F7556}") = "WinCopies.IO", "..\Source\WinCopies.IO\WinCopies.IO.csproj", "{FDE6381C-4DD3-4609-81CB-12EF6A177564}"
EndProject
Project("{D954291E-2A0B-460D-934E-DC6B0785DB48}") = "WinCopies.IO.Shared", "..\Source\WinCopies.IO.Shared\WinCopies.IO.Shared.shproj", "{5C6A8E8F-21AB-4C80-B898-5FB090CB72BD}"
EndProject
Project("{2150E333-8FDC-42A3-9474-1A3956D46DE8}") = "Solution Items", "Solution Items", "{47C756B2-FB1A-48F9-A868-B9A706D07EEB}"
	ProjectSection(SolutionItems) = preProject
		..\Source\Directory.Build.props = ..\Source\Directory.Build.props
	EndProjectSection
EndProject
Project("{9A19103F-16F7-4668-BE54-9A1E7A4F7556}") = "WinCopies.Util.Temp", "..\Source\WinCopies.Util\WinCopies.Util.Temp.csproj", "{F241DE2B-6C22-4279-8B8A-5D6F5BD598E3}"
EndProject
Global
	GlobalSection(SharedMSBuildProjectFiles) = preSolution
		..\Source\WinCopies.GUI.IO.Shared\WinCopies.GUI.IO.Shared.projitems*{09ffb314-471c-4e5d-bb3b-26e3029dd54e}*SharedItemsImports = 5
		..\Source\WinCopies.Data.Shared\WinCopies.Data.Shared.projitems*{0ea8f0f5-12a8-4f14-bf17-5422e25ed835}*SharedItemsImports = 13
		..\Source\WinCopies.GUI.Templates.Shared\WinCopies.GUI.Templates.Shared.projitems*{1af939a9-d753-48e4-b114-fb59e5f3f7fb}*SharedItemsImports = 13
		..\Source\WinCopies.GUI.Windows.Shared\WinCopies.GUI.Windows.Shared.projitems*{208babf1-8992-4c5a-8d00-3cdccabf1806}*SharedItemsImports = 5
		..\Source\WinCopies.GUI.Shared\WinCopies.GUI.Shared.projitems*{3aaf402a-7c4a-455f-8f42-6f4f13c5e185}*SharedItemsImports = 13
		..\Source\WinCopies.GUI.Windows.Shared\WinCopies.GUI.Windows.Shared.projitems*{3fa63940-0513-455d-a3d1-fba954c22869}*SharedItemsImports = 13
		..\Source\WinCopies.GUI.Templates.Shared\WinCopies.GUI.Templates.Shared.projitems*{47c69aba-f5d9-4c4e-816e-337e418e27b9}*SharedItemsImports = 5
		..\Source\WinCopies.GUI.ViewModels.Shared\WinCopies.GUI.ViewModels.Shared.projitems*{589fcd51-85a1-46ff-ab94-3cdd133f92de}*SharedItemsImports = 13
		..\Source\WinCopies.IO.Shared\WinCopies.IO.Shared.projitems*{5c6a8e8f-21ab-4c80-b898-5fb090cb72bd}*SharedItemsImports = 13
		..\Source\WinCopies.GUI.ViewModels.Shared\WinCopies.GUI.ViewModels.Shared.projitems*{5ddbfffc-0367-4f36-9c77-12709ceca81d}*SharedItemsImports = 5
		..\Source\WinCopies.GUI.IO.Shared\WinCopies.GUI.IO.Shared.projitems*{690260b7-f85d-481e-9527-0a6034e39053}*SharedItemsImports = 13
		..\Source\WinCopies.GUI.Controls.Shared\WinCopies.GUI.Controls.Shared.projitems*{6cc29225-b9fd-40a5-bdba-9daa03df9351}*SharedItemsImports = 5
		..\Source\WinCopies.GUI.Controls.Shared\WinCopies.GUI.Controls.Shared.projitems*{8e59282e-c7fb-44dc-8617-a1b2a932c5a9}*SharedItemsImports = 13
		..\Source\WinCopies.Data.Shared\WinCopies.Data.Shared.projitems*{91db51d4-6562-4b13-9077-dcf50a9011e3}*SharedItemsImports = 5
		..\Source\WinCopies.GUI.Models.Shared\WinCopies.GUI.Models.Shared.projitems*{a43aee04-0665-4d64-a4b9-7ff1e471bf29}*SharedItemsImports = 13
		..\Source\WinCopies.GUI.Models.Shared\WinCopies.GUI.Models.Shared.projitems*{b6b007bb-e248-43b7-aab6-4df190c3238a}*SharedItemsImports = 5
		..\Source\WinCopies.GUI.Shared\WinCopies.GUI.Shared.projitems*{d2864826-076d-431f-a242-3a57aae62e58}*SharedItemsImports = 5
		..\Source\WinCopies.IO.Shared\WinCopies.IO.Shared.projitems*{fde6381c-4dd3-4609-81cb-12ef6a177564}*SharedItemsImports = 5
	EndGlobalSection
	GlobalSection(SolutionConfigurationPlatforms) = preSolution
		Debug|Any CPU = Debug|Any CPU
		Release|Any CPU = Release|Any CPU
	EndGlobalSection
	GlobalSection(ProjectConfigurationPlatforms) = postSolution
		{0352198C-52BD-4056-872F-F60490FDE2D3}.Debug|Any CPU.ActiveCfg = Debug|Any CPU
		{0352198C-52BD-4056-872F-F60490FDE2D3}.Debug|Any CPU.Build.0 = Debug|Any CPU
		{0352198C-52BD-4056-872F-F60490FDE2D3}.Release|Any CPU.ActiveCfg = Release|Any CPU
		{0352198C-52BD-4056-872F-F60490FDE2D3}.Release|Any CPU.Build.0 = Release|Any CPU
		{91DB51D4-6562-4B13-9077-DCF50A9011E3}.Debug|Any CPU.ActiveCfg = Debug|Any CPU
		{91DB51D4-6562-4B13-9077-DCF50A9011E3}.Debug|Any CPU.Build.0 = Debug|Any CPU
		{91DB51D4-6562-4B13-9077-DCF50A9011E3}.Release|Any CPU.ActiveCfg = Release|Any CPU
		{91DB51D4-6562-4B13-9077-DCF50A9011E3}.Release|Any CPU.Build.0 = Release|Any CPU
		{D2864826-076D-431F-A242-3A57AAE62E58}.Debug|Any CPU.ActiveCfg = Debug|Any CPU
		{D2864826-076D-431F-A242-3A57AAE62E58}.Debug|Any CPU.Build.0 = Debug|Any CPU
		{D2864826-076D-431F-A242-3A57AAE62E58}.Release|Any CPU.ActiveCfg = Release|Any CPU
		{D2864826-076D-431F-A242-3A57AAE62E58}.Release|Any CPU.Build.0 = Release|Any CPU
		{6CC29225-B9FD-40A5-BDBA-9DAA03DF9351}.Debug|Any CPU.ActiveCfg = Debug|Any CPU
		{6CC29225-B9FD-40A5-BDBA-9DAA03DF9351}.Debug|Any CPU.Build.0 = Debug|Any CPU
		{6CC29225-B9FD-40A5-BDBA-9DAA03DF9351}.Release|Any CPU.ActiveCfg = Release|Any CPU
		{6CC29225-B9FD-40A5-BDBA-9DAA03DF9351}.Release|Any CPU.Build.0 = Release|Any CPU
		{41BB440A-8A0C-4CDF-B182-909F0DBB147A}.Debug|Any CPU.ActiveCfg = Debug|Any CPU
		{41BB440A-8A0C-4CDF-B182-909F0DBB147A}.Debug|Any CPU.Build.0 = Debug|Any CPU
		{41BB440A-8A0C-4CDF-B182-909F0DBB147A}.Release|Any CPU.ActiveCfg = Release|Any CPU
		{41BB440A-8A0C-4CDF-B182-909F0DBB147A}.Release|Any CPU.Build.0 = Release|Any CPU
		{09FFB314-471C-4E5D-BB3B-26E3029DD54E}.Debug|Any CPU.ActiveCfg = Debug|Any CPU
		{09FFB314-471C-4E5D-BB3B-26E3029DD54E}.Debug|Any CPU.Build.0 = Debug|Any CPU
		{09FFB314-471C-4E5D-BB3B-26E3029DD54E}.Release|Any CPU.ActiveCfg = Release|Any CPU
		{09FFB314-471C-4E5D-BB3B-26E3029DD54E}.Release|Any CPU.Build.0 = Release|Any CPU
		{B6B007BB-E248-43B7-AAB6-4DF190C3238A}.Debug|Any CPU.ActiveCfg = Debug|Any CPU
		{B6B007BB-E248-43B7-AAB6-4DF190C3238A}.Debug|Any CPU.Build.0 = Debug|Any CPU
		{B6B007BB-E248-43B7-AAB6-4DF190C3238A}.Release|Any CPU.ActiveCfg = Release|Any CPU
		{B6B007BB-E248-43B7-AAB6-4DF190C3238A}.Release|Any CPU.Build.0 = Release|Any CPU
		{47C69ABA-F5D9-4C4E-816E-337E418E27B9}.Debug|Any CPU.ActiveCfg = Debug|Any CPU
		{47C69ABA-F5D9-4C4E-816E-337E418E27B9}.Debug|Any CPU.Build.0 = Debug|Any CPU
		{47C69ABA-F5D9-4C4E-816E-337E418E27B9}.Release|Any CPU.ActiveCfg = Release|Any CPU
		{47C69ABA-F5D9-4C4E-816E-337E418E27B9}.Release|Any CPU.Build.0 = Release|Any CPU
		{5DDBFFFC-0367-4F36-9C77-12709CECA81D}.Debug|Any CPU.ActiveCfg = Debug|Any CPU
		{5DDBFFFC-0367-4F36-9C77-12709CECA81D}.Debug|Any CPU.Build.0 = Debug|Any CPU
		{5DDBFFFC-0367-4F36-9C77-12709CECA81D}.Release|Any CPU.ActiveCfg = Release|Any CPU
		{5DDBFFFC-0367-4F36-9C77-12709CECA81D}.Release|Any CPU.Build.0 = Release|Any CPU
		{208BABF1-8992-4C5A-8D00-3CDCCABF1806}.Debug|Any CPU.ActiveCfg = Debug|Any CPU
		{208BABF1-8992-4C5A-8D00-3CDCCABF1806}.Debug|Any CPU.Build.0 = Debug|Any CPU
		{208BABF1-8992-4C5A-8D00-3CDCCABF1806}.Release|Any CPU.ActiveCfg = Release|Any CPU
		{208BABF1-8992-4C5A-8D00-3CDCCABF1806}.Release|Any CPU.Build.0 = Release|Any CPU
		{FDE6381C-4DD3-4609-81CB-12EF6A177564}.Debug|Any CPU.ActiveCfg = Debug|Any CPU
		{FDE6381C-4DD3-4609-81CB-12EF6A177564}.Debug|Any CPU.Build.0 = Debug|Any CPU
		{FDE6381C-4DD3-4609-81CB-12EF6A177564}.Release|Any CPU.ActiveCfg = Release|Any CPU
		{FDE6381C-4DD3-4609-81CB-12EF6A177564}.Release|Any CPU.Build.0 = Release|Any CPU
		{F241DE2B-6C22-4279-8B8A-5D6F5BD598E3}.Debug|Any CPU.ActiveCfg = Debug|Any CPU
		{F241DE2B-6C22-4279-8B8A-5D6F5BD598E3}.Debug|Any CPU.Build.0 = Debug|Any CPU
		{F241DE2B-6C22-4279-8B8A-5D6F5BD598E3}.Release|Any CPU.ActiveCfg = Release|Any CPU
		{F241DE2B-6C22-4279-8B8A-5D6F5BD598E3}.Release|Any CPU.Build.0 = Release|Any CPU
	EndGlobalSection
	GlobalSection(SolutionProperties) = preSolution
		HideSolutionNode = FALSE
	EndGlobalSection
	GlobalSection(NestedProjects) = preSolution
		{91DB51D4-6562-4B13-9077-DCF50A9011E3} = {DFED3923-8DCC-4B2A-8714-1478EB146B68}
		{0EA8F0F5-12A8-4F14-BF17-5422E25ED835} = {DFED3923-8DCC-4B2A-8714-1478EB146B68}
		{D2864826-076D-431F-A242-3A57AAE62E58} = {DFED3923-8DCC-4B2A-8714-1478EB146B68}
		{6CC29225-B9FD-40A5-BDBA-9DAA03DF9351} = {DFED3923-8DCC-4B2A-8714-1478EB146B68}
		{8E59282E-C7FB-44DC-8617-A1B2A932C5A9} = {DFED3923-8DCC-4B2A-8714-1478EB146B68}
		{41BB440A-8A0C-4CDF-B182-909F0DBB147A} = {DFED3923-8DCC-4B2A-8714-1478EB146B68}
		{09FFB314-471C-4E5D-BB3B-26E3029DD54E} = {DFED3923-8DCC-4B2A-8714-1478EB146B68}
		{690260B7-F85D-481E-9527-0A6034E39053} = {DFED3923-8DCC-4B2A-8714-1478EB146B68}
		{B6B007BB-E248-43B7-AAB6-4DF190C3238A} = {DFED3923-8DCC-4B2A-8714-1478EB146B68}
		{A43AEE04-0665-4D64-A4B9-7FF1E471BF29} = {DFED3923-8DCC-4B2A-8714-1478EB146B68}
		{3AAF402A-7C4A-455F-8F42-6F4F13C5E185} = {DFED3923-8DCC-4B2A-8714-1478EB146B68}
		{47C69ABA-F5D9-4C4E-816E-337E418E27B9} = {DFED3923-8DCC-4B2A-8714-1478EB146B68}
		{1AF939A9-D753-48E4-B114-FB59E5F3F7FB} = {DFED3923-8DCC-4B2A-8714-1478EB146B68}
		{5DDBFFFC-0367-4F36-9C77-12709CECA81D} = {DFED3923-8DCC-4B2A-8714-1478EB146B68}
		{589FCD51-85A1-46FF-AB94-3CDD133F92DE} = {DFED3923-8DCC-4B2A-8714-1478EB146B68}
		{208BABF1-8992-4C5A-8D00-3CDCCABF1806} = {DFED3923-8DCC-4B2A-8714-1478EB146B68}
		{3FA63940-0513-455D-A3D1-FBA954C22869} = {DFED3923-8DCC-4B2A-8714-1478EB146B68}
		{FDE6381C-4DD3-4609-81CB-12EF6A177564} = {DFED3923-8DCC-4B2A-8714-1478EB146B68}
		{5C6A8E8F-21AB-4C80-B898-5FB090CB72BD} = {DFED3923-8DCC-4B2A-8714-1478EB146B68}
		{F241DE2B-6C22-4279-8B8A-5D6F5BD598E3} = {DFED3923-8DCC-4B2A-8714-1478EB146B68}
	EndGlobalSection
	GlobalSection(ExtensibilityGlobals) = postSolution
		SolutionGuid = {2469145D-D5F7-45CB-9F50-780AA60E1760}
	EndGlobalSection
EndGlobal
